PODS:
  - Bolts (1.8.4):
    - Bolts/AppLinks (= 1.8.4)
    - Bolts/Tasks (= 1.8.4)
  - Bolts/AppLinks (1.8.4):
    - Bolts/Tasks
  - Bolts/Tasks (1.8.4)
  - FBSDKCoreKit (4.15.1):
    - Bolts (~> 1.7)
  - FBSDKLoginKit (4.15.1):
    - FBSDKCoreKit
  - FBSDKShareKit (4.15.1):
    - FBSDKCoreKit
  - KinveyKit (1.40.9)
  - MBProgressHUD (0.9.2)

DEPENDENCIES:
  - FBSDKCoreKit
  - FBSDKLoginKit
  - FBSDKShareKit
  - KinveyKit
  - MBProgressHUD (~> 0.9.2)

SPEC CHECKSUMS:
  Bolts: 8a7995239dbe724f9cba2248b766d48b7ebdd322
  FBSDKCoreKit: fc7fa53d16b095ee3fd53f0cd59f1df8bcbb634d
  FBSDKLoginKit: 073f79b3b2e762fc6f54a283fe15f45372d59f5f
  FBSDKShareKit: 11cbb5a4d7b5fda8143cc95b76188147e6725736
  KinveyKit: 35ee59aba4a62dc808dfabf510c4c7fd70f1d08b
  MBProgressHUD: 1569cf7ace17a8bac47aabfbb8580a49690386d1

COCOAPODS: 0.39.0
