// !$*UTF8*$!
{
	archiveVersion = 1;
	classes = {
	};
	objectVersion = 46;
	objects = {

/* Begin PBXBuildFile section */
		2106417F1C56E41E00DFF326 /* BounceAnnotation.swift in Sources */ = {isa = PBXBuildFile; fileRef = 2106417E1C56E41E00DFF326 /* BounceAnnotation.swift */; };
		210641811C585DDF00DFF326 /* PlaceVC.swift in Sources */ = {isa = PBXBuildFile; fileRef = 210641801C585DDF00DFF326 /* PlaceVC.swift */; };
		21092A991C4B39FA0087BDE9 /* CameraVC.swift in Sources */ = {isa = PBXBuildFile; fileRef = 21092A981C4B39FA0087BDE9 /* CameraVC.swift */; };
		2114B42A1C59890F0002C930 /* PlaceTableViewCell.swift in Sources */ = {isa = PBXBuildFile; fileRef = 2114B4291C59890F0002C930 /* PlaceTableViewCell.swift */; };
		2114B42E1C5E69590002C930 /* ImageConfigurer.swift in Sources */ = {isa = PBXBuildFile; fileRef = 2114B42D1C5E69590002C930 /* ImageConfigurer.swift */; };
		212DE0E01CBC750200FEE5C4 /* KinveyUploader.swift in Sources */ = {isa = PBXBuildFile; fileRef = 212DE0DF1CBC750200FEE5C4 /* KinveyUploader.swift */; };
		213482D11CCDA5C700CAAD93 /* Data Model.xcdatamodeld in Sources */ = {isa = PBXBuildFile; fileRef = 213482CF1CCDA5C700CAAD93 /* Data Model.xcdatamodeld */; };
		213482EE1CCDAA0300CAAD93 /* Post+CoreDataProperties.swift in Sources */ = {isa = PBXBuildFile; fileRef = 213482EA1CCDAA0300CAAD93 /* Post+CoreDataProperties.swift */; };
		213482EF1CCDAA0300CAAD93 /* Post.swift in Sources */ = {isa = PBXBuildFile; fileRef = 213482EB1CCDAA0300CAAD93 /* Post.swift */; };
		213482F11CCDAA0300CAAD93 /* Place.swift in Sources */ = {isa = PBXBuildFile; fileRef = 213482ED1CCDAA0300CAAD93 /* Place.swift */; };
		214329A41C7254D200FB9B99 /* FBLoginVC.swift in Sources */ = {isa = PBXBuildFile; fileRef = 214329A31C7254D200FB9B99 /* FBLoginVC.swift */; };
		21432A8F1C7FD09900FB9B99 /* UserFetcher.swift in Sources */ = {isa = PBXBuildFile; fileRef = 21432A8E1C7FD09900FB9B99 /* UserFetcher.swift */; };
		2143AC011CD00B9C008BBF2D /* FourSquarePlace.swift in Sources */ = {isa = PBXBuildFile; fileRef = 2143AC001CD00B9C008BBF2D /* FourSquarePlace.swift */; };
		214FE49C1D1B68C10079DB60 /* ReportPostVC.swift in Sources */ = {isa = PBXBuildFile; fileRef = 214FE49B1D1B68C10079DB60 /* ReportPostVC.swift */; };
		2168A82D1CADD77F009E76E5 /* MapKit.framework in Frameworks */ = {isa = PBXBuildFile; fileRef = 2168A82C1CADD77F009E76E5 /* MapKit.framework */; };
		21970FC11C4DA44900048B54 /* SwiftyJSON.swift in Sources */ = {isa = PBXBuildFile; fileRef = 21970FC01C4DA44900048B54 /* SwiftyJSON.swift */; };
		21970FC61C4DB03300048B54 /* NearbyPlacesTVC.swift in Sources */ = {isa = PBXBuildFile; fileRef = 21970FC51C4DB03300048B54 /* NearbyPlacesTVC.swift */; };
		21970FE01C4EFF5600048B54 /* BounceConstants.swift in Sources */ = {isa = PBXBuildFile; fileRef = 21970FDF1C4EFF5600048B54 /* BounceConstants.swift */; };
		21D420181CC9B629003E9B0E /* KinveyFetcher.swift in Sources */ = {isa = PBXBuildFile; fileRef = 21D420171CC9B629003E9B0E /* KinveyFetcher.swift */; };
		21EC4E441C820090002C3572 /* Extensions.swift in Sources */ = {isa = PBXBuildFile; fileRef = 21EC4E431C820090002C3572 /* Extensions.swift */; };
		21FFED261C487CEE006F294F /* AppDelegate.swift in Sources */ = {isa = PBXBuildFile; fileRef = 21FFED251C487CEE006F294F /* AppDelegate.swift */; };
		21FFED2B1C487CEE006F294F /* Main.storyboard in Resources */ = {isa = PBXBuildFile; fileRef = 21FFED291C487CEE006F294F /* Main.storyboard */; };
		21FFED2D1C487CEE006F294F /* Assets.xcassets in Resources */ = {isa = PBXBuildFile; fileRef = 21FFED2C1C487CEE006F294F /* Assets.xcassets */; };
		21FFED301C487CEE006F294F /* LaunchScreen.storyboard in Resources */ = {isa = PBXBuildFile; fileRef = 21FFED2E1C487CEE006F294F /* LaunchScreen.storyboard */; };
		21FFED3B1C487CEE006F294F /* BounceTests.swift in Sources */ = {isa = PBXBuildFile; fileRef = 21FFED3A1C487CEE006F294F /* BounceTests.swift */; };
		21FFED461C487CEE006F294F /* BounceUITests.swift in Sources */ = {isa = PBXBuildFile; fileRef = 21FFED451C487CEE006F294F /* BounceUITests.swift */; };
		21FFED571C4884EE006F294F /* LocationFetcher.swift in Sources */ = {isa = PBXBuildFile; fileRef = 21FFED561C4884EE006F294F /* LocationFetcher.swift */; };
		21FFED5B1C488617006F294F /* MapVC.swift in Sources */ = {isa = PBXBuildFile; fileRef = 21FFED5A1C488617006F294F /* MapVC.swift */; };
		21FFED601C4AA325006F294F /* Proposer.swift in Sources */ = {isa = PBXBuildFile; fileRef = 21FFED5F1C4AA325006F294F /* Proposer.swift */; };
		21FFED621C4AAAC4006F294F /* PostVC.swift in Sources */ = {isa = PBXBuildFile; fileRef = 21FFED611C4AAAC4006F294F /* PostVC.swift */; };
		B839EE697D26F21A34A08746 /* Pods_Bounce.framework in Frameworks */ = {isa = PBXBuildFile; fileRef = FD79F3CDCD91F6F39D4A0271 /* Pods_Bounce.framework */; };
/* End PBXBuildFile section */

/* Begin PBXContainerItemProxy section */
		21FFED371C487CEE006F294F /* PBXContainerItemProxy */ = {
			isa = PBXContainerItemProxy;
			containerPortal = 21FFED1A1C487CEE006F294F /* Project object */;
			proxyType = 1;
			remoteGlobalIDString = 21FFED211C487CEE006F294F;
			remoteInfo = Bounce;
		};
		21FFED421C487CEE006F294F /* PBXContainerItemProxy */ = {
			isa = PBXContainerItemProxy;
			containerPortal = 21FFED1A1C487CEE006F294F /* Project object */;
			proxyType = 1;
			remoteGlobalIDString = 21FFED211C487CEE006F294F;
			remoteInfo = Bounce;
		};
/* End PBXContainerItemProxy section */

/* Begin PBXCopyFilesBuildPhase section */
		21AC739F1C5193D300C81D68 /* Embed Frameworks */ = {
			isa = PBXCopyFilesBuildPhase;
			buildActionMask = 2147483647;
			dstPath = "";
			dstSubfolderSpec = 10;
			files = (
			);
			name = "Embed Frameworks";
			runOnlyForDeploymentPostprocessing = 0;
		};
/* End PBXCopyFilesBuildPhase section */

/* Begin PBXFileReference section */
		0EC36282F191544BA7F4A271 /* Pods-Bounce.debug.xcconfig */ = {isa = PBXFileReference; includeInIndex = 1; lastKnownFileType = text.xcconfig; name = "Pods-Bounce.debug.xcconfig"; path = "Pods/Target Support Files/Pods-Bounce/Pods-Bounce.debug.xcconfig"; sourceTree = "<group>"; };
		2106417E1C56E41E00DFF326 /* BounceAnnotation.swift */ = {isa = PBXFileReference; fileEncoding = 4; lastKnownFileType = sourcecode.swift; name = BounceAnnotation.swift; path = Model/BounceAnnotation.swift; sourceTree = "<group>"; };
		210641801C585DDF00DFF326 /* PlaceVC.swift */ = {isa = PBXFileReference; fileEncoding = 4; lastKnownFileType = sourcecode.swift; name = PlaceVC.swift; path = "View Controllers/PlaceVC.swift"; sourceTree = "<group>"; };
		21092A981C4B39FA0087BDE9 /* CameraVC.swift */ = {isa = PBXFileReference; fileEncoding = 4; lastKnownFileType = sourcecode.swift; name = CameraVC.swift; path = "View Controllers/CameraVC.swift"; sourceTree = "<group>"; };
		2114B4291C59890F0002C930 /* PlaceTableViewCell.swift */ = {isa = PBXFileReference; fileEncoding = 4; lastKnownFileType = sourcecode.swift; path = PlaceTableViewCell.swift; sourceTree = "<group>"; };
		2114B42D1C5E69590002C930 /* ImageConfigurer.swift */ = {isa = PBXFileReference; fileEncoding = 4; lastKnownFileType = sourcecode.swift; name = ImageConfigurer.swift; path = Model/ImageConfigurer.swift; sourceTree = "<group>"; };
		211BC37B1C665DCD005A17AB /* Arlington.gpx */ = {isa = PBXFileReference; lastKnownFileType = text.xml; path = Arlington.gpx; sourceTree = "<group>"; };
		212DE0DF1CBC750200FEE5C4 /* KinveyUploader.swift */ = {isa = PBXFileReference; fileEncoding = 4; lastKnownFileType = sourcecode.swift; name = KinveyUploader.swift; path = Model/KinveyUploader.swift; sourceTree = "<group>"; };
		212DE0E21CBDD19400FEE5C4 /* Bounce-Bridging-Header.h */ = {isa = PBXFileReference; lastKnownFileType = sourcecode.c.h; path = "Bounce-Bridging-Header.h"; sourceTree = "<group>"; };
		213482D01CCDA5C700CAAD93 /* Data Model.xcdatamodel */ = {isa = PBXFileReference; lastKnownFileType = wrapper.xcdatamodel; path = "Data Model.xcdatamodel"; sourceTree = "<group>"; };
		213482EA1CCDAA0300CAAD93 /* Post+CoreDataProperties.swift */ = {isa = PBXFileReference; fileEncoding = 4; lastKnownFileType = sourcecode.swift; name = "Post+CoreDataProperties.swift"; path = "Model/Post+CoreDataProperties.swift"; sourceTree = "<group>"; };
		213482EB1CCDAA0300CAAD93 /* Post.swift */ = {isa = PBXFileReference; fileEncoding = 4; lastKnownFileType = sourcecode.swift; name = Post.swift; path = Model/Post.swift; sourceTree = "<group>"; };
		213482ED1CCDAA0300CAAD93 /* Place.swift */ = {isa = PBXFileReference; fileEncoding = 4; lastKnownFileType = sourcecode.swift; name = Place.swift; path = Model/Place.swift; sourceTree = "<group>"; };
		214329A31C7254D200FB9B99 /* FBLoginVC.swift */ = {isa = PBXFileReference; fileEncoding = 4; lastKnownFileType = sourcecode.swift; name = FBLoginVC.swift; path = "View Controllers/FBLoginVC.swift"; sourceTree = "<group>"; };
		21432A8E1C7FD09900FB9B99 /* UserFetcher.swift */ = {isa = PBXFileReference; fileEncoding = 4; lastKnownFileType = sourcecode.swift; name = UserFetcher.swift; path = Model/UserFetcher.swift; sourceTree = "<group>"; };
		2143AC001CD00B9C008BBF2D /* FourSquarePlace.swift */ = {isa = PBXFileReference; fileEncoding = 4; lastKnownFileType = sourcecode.swift; name = FourSquarePlace.swift; path = Model/FourSquarePlace.swift; sourceTree = "<group>"; };
		214FE49B1D1B68C10079DB60 /* ReportPostVC.swift */ = {isa = PBXFileReference; fileEncoding = 4; lastKnownFileType = sourcecode.swift; path = ReportPostVC.swift; sourceTree = "<group>"; };
		2168A82C1CADD77F009E76E5 /* MapKit.framework */ = {isa = PBXFileReference; lastKnownFileType = wrapper.framework; name = MapKit.framework; path = System/Library/Frameworks/MapKit.framework; sourceTree = SDKROOT; };
		21970FC01C4DA44900048B54 /* SwiftyJSON.swift */ = {isa = PBXFileReference; fileEncoding = 4; lastKnownFileType = sourcecode.swift; path = SwiftyJSON.swift; sourceTree = "<group>"; };
		21970FC51C4DB03300048B54 /* NearbyPlacesTVC.swift */ = {isa = PBXFileReference; fileEncoding = 4; lastKnownFileType = sourcecode.swift; name = NearbyPlacesTVC.swift; path = "View Controllers/NearbyPlacesTVC.swift"; sourceTree = "<group>"; };
		21970FDF1C4EFF5600048B54 /* BounceConstants.swift */ = {isa = PBXFileReference; fileEncoding = 4; lastKnownFileType = sourcecode.swift; name = BounceConstants.swift; path = Model/BounceConstants.swift; sourceTree = "<group>"; };
		21D420171CC9B629003E9B0E /* KinveyFetcher.swift */ = {isa = PBXFileReference; fileEncoding = 4; lastKnownFileType = sourcecode.swift; name = KinveyFetcher.swift; path = Model/KinveyFetcher.swift; sourceTree = "<group>"; };
		21EC4E431C820090002C3572 /* Extensions.swift */ = {isa = PBXFileReference; fileEncoding = 4; lastKnownFileType = sourcecode.swift; name = Extensions.swift; path = Model/Extensions.swift; sourceTree = "<group>"; };
		21FFED221C487CEE006F294F /* Bounce.app */ = {isa = PBXFileReference; explicitFileType = wrapper.application; includeInIndex = 0; path = Bounce.app; sourceTree = BUILT_PRODUCTS_DIR; };
		21FFED251C487CEE006F294F /* AppDelegate.swift */ = {isa = PBXFileReference; lastKnownFileType = sourcecode.swift; path = AppDelegate.swift; sourceTree = "<group>"; };
		21FFED2A1C487CEE006F294F /* Base */ = {isa = PBXFileReference; lastKnownFileType = file.storyboard; name = Base; path = Base.lproj/Main.storyboard; sourceTree = "<group>"; };
		21FFED2C1C487CEE006F294F /* Assets.xcassets */ = {isa = PBXFileReference; lastKnownFileType = folder.assetcatalog; path = Assets.xcassets; sourceTree = "<group>"; };
		21FFED2F1C487CEE006F294F /* Base */ = {isa = PBXFileReference; lastKnownFileType = file.storyboard; name = Base; path = Base.lproj/LaunchScreen.storyboard; sourceTree = "<group>"; };
		21FFED311C487CEE006F294F /* Info.plist */ = {isa = PBXFileReference; lastKnownFileType = text.plist.xml; path = Info.plist; sourceTree = "<group>"; };
		21FFED361C487CEE006F294F /* BounceTests.xctest */ = {isa = PBXFileReference; explicitFileType = wrapper.cfbundle; includeInIndex = 0; path = BounceTests.xctest; sourceTree = BUILT_PRODUCTS_DIR; };
		21FFED3A1C487CEE006F294F /* BounceTests.swift */ = {isa = PBXFileReference; lastKnownFileType = sourcecode.swift; path = BounceTests.swift; sourceTree = "<group>"; };
		21FFED3C1C487CEE006F294F /* Info.plist */ = {isa = PBXFileReference; lastKnownFileType = text.plist.xml; path = Info.plist; sourceTree = "<group>"; };
		21FFED411C487CEE006F294F /* BounceUITests.xctest */ = {isa = PBXFileReference; explicitFileType = wrapper.cfbundle; includeInIndex = 0; path = BounceUITests.xctest; sourceTree = BUILT_PRODUCTS_DIR; };
		21FFED451C487CEE006F294F /* BounceUITests.swift */ = {isa = PBXFileReference; lastKnownFileType = sourcecode.swift; path = BounceUITests.swift; sourceTree = "<group>"; };
		21FFED471C487CEE006F294F /* Info.plist */ = {isa = PBXFileReference; lastKnownFileType = text.plist.xml; path = Info.plist; sourceTree = "<group>"; };
		21FFED561C4884EE006F294F /* LocationFetcher.swift */ = {isa = PBXFileReference; fileEncoding = 4; lastKnownFileType = sourcecode.swift; name = LocationFetcher.swift; path = Model/LocationFetcher.swift; sourceTree = "<group>"; };
		21FFED5A1C488617006F294F /* MapVC.swift */ = {isa = PBXFileReference; fileEncoding = 4; lastKnownFileType = sourcecode.swift; name = MapVC.swift; path = "View Controllers/MapVC.swift"; sourceTree = "<group>"; };
		21FFED5F1C4AA325006F294F /* Proposer.swift */ = {isa = PBXFileReference; fileEncoding = 4; lastKnownFileType = sourcecode.swift; path = Proposer.swift; sourceTree = "<group>"; };
		21FFED611C4AAAC4006F294F /* PostVC.swift */ = {isa = PBXFileReference; fileEncoding = 4; lastKnownFileType = sourcecode.swift; name = PostVC.swift; path = "View Controllers/PostVC.swift"; sourceTree = "<group>"; };
		987CB5985C4580F3B8979254 /* Pods-Bounce.release.xcconfig */ = {isa = PBXFileReference; includeInIndex = 1; lastKnownFileType = text.xcconfig; name = "Pods-Bounce.release.xcconfig"; path = "Pods/Target Support Files/Pods-Bounce/Pods-Bounce.release.xcconfig"; sourceTree = "<group>"; };
		FD79F3CDCD91F6F39D4A0271 /* Pods_Bounce.framework */ = {isa = PBXFileReference; explicitFileType = wrapper.framework; includeInIndex = 0; path = Pods_Bounce.framework; sourceTree = BUILT_PRODUCTS_DIR; };
/* End PBXFileReference section */

/* Begin PBXFrameworksBuildPhase section */
		21FFED1F1C487CEE006F294F /* Frameworks */ = {
			isa = PBXFrameworksBuildPhase;
			buildActionMask = 2147483647;
			files = (
				2168A82D1CADD77F009E76E5 /* MapKit.framework in Frameworks */,
				B839EE697D26F21A34A08746 /* Pods_Bounce.framework in Frameworks */,
			);
			runOnlyForDeploymentPostprocessing = 0;
		};
		21FFED331C487CEE006F294F /* Frameworks */ = {
			isa = PBXFrameworksBuildPhase;
			buildActionMask = 2147483647;
			files = (
			);
			runOnlyForDeploymentPostprocessing = 0;
		};
		21FFED3E1C487CEE006F294F /* Frameworks */ = {
			isa = PBXFrameworksBuildPhase;
			buildActionMask = 2147483647;
			files = (
			);
			runOnlyForDeploymentPostprocessing = 0;
		};
/* End PBXFrameworksBuildPhase section */

/* Begin PBXGroup section */
		212DE0E11CBDD17800FEE5C4 /* Helpers */ = {
			isa = PBXGroup;
			children = (
				212DE0E21CBDD19400FEE5C4 /* Bounce-Bridging-Header.h */,
				2106417E1C56E41E00DFF326 /* BounceAnnotation.swift */,
				2114B4291C59890F0002C930 /* PlaceTableViewCell.swift */,
				2114B42D1C5E69590002C930 /* ImageConfigurer.swift */,
				21EC4E431C820090002C3572 /* Extensions.swift */,
				211BC37B1C665DCD005A17AB /* Arlington.gpx */,
			);
			name = Helpers;
			sourceTree = "<group>";
		};
		21970FC21C4DA44D00048B54 /* 3rd Party Models */ = {
			isa = PBXGroup;
			children = (
				21FFED5F1C4AA325006F294F /* Proposer.swift */,
				21970FC01C4DA44900048B54 /* SwiftyJSON.swift */,
			);
			name = "3rd Party Models";
			sourceTree = "<group>";
		};
		21FFED191C487CEE006F294F = {
			isa = PBXGroup;
			children = (
				2168A82C1CADD77F009E76E5 /* MapKit.framework */,
				21FFED241C487CEE006F294F /* Bounce */,
				21FFED391C487CEE006F294F /* BounceTests */,
				21FFED441C487CEE006F294F /* BounceUITests */,
				21FFED231C487CEE006F294F /* Products */,
				5AFE4A6A19E012D00819C9EB /* Pods */,
				584B4537B2D2E72C9C276F53 /* Frameworks */,
			);
			sourceTree = "<group>";
		};
		21FFED231C487CEE006F294F /* Products */ = {
			isa = PBXGroup;
			children = (
				21FFED221C487CEE006F294F /* Bounce.app */,
				21FFED361C487CEE006F294F /* BounceTests.xctest */,
				21FFED411C487CEE006F294F /* BounceUITests.xctest */,
			);
			name = Products;
			sourceTree = "<group>";
		};
		21FFED241C487CEE006F294F /* Bounce */ = {
			isa = PBXGroup;
			children = (
				21FFED291C487CEE006F294F /* Main.storyboard */,
				214329A31C7254D200FB9B99 /* FBLoginVC.swift */,
				21FFED5A1C488617006F294F /* MapVC.swift */,
				210641801C585DDF00DFF326 /* PlaceVC.swift */,
				214FE49B1D1B68C10079DB60 /* ReportPostVC.swift */,
				21FFED611C4AAAC4006F294F /* PostVC.swift */,
				21092A981C4B39FA0087BDE9 /* CameraVC.swift */,
				21970FC51C4DB03300048B54 /* NearbyPlacesTVC.swift */,
				21FFED551C487F62006F294F /* Model */,
				21FFED2C1C487CEE006F294F /* Assets.xcassets */,
				21FFED2E1C487CEE006F294F /* LaunchScreen.storyboard */,
				21FFED311C487CEE006F294F /* Info.plist */,
				21FFED251C487CEE006F294F /* AppDelegate.swift */,
			);
			path = Bounce;
			sourceTree = "<group>";
		};
		21FFED391C487CEE006F294F /* BounceTests */ = {
			isa = PBXGroup;
			children = (
				21FFED3A1C487CEE006F294F /* BounceTests.swift */,
				21FFED3C1C487CEE006F294F /* Info.plist */,
			);
			path = BounceTests;
			sourceTree = "<group>";
		};
		21FFED441C487CEE006F294F /* BounceUITests */ = {
			isa = PBXGroup;
			children = (
				21FFED451C487CEE006F294F /* BounceUITests.swift */,
				21FFED471C487CEE006F294F /* Info.plist */,
			);
			path = BounceUITests;
			sourceTree = "<group>";
		};
		21FFED551C487F62006F294F /* Model */ = {
			isa = PBXGroup;
			children = (
				21970FDF1C4EFF5600048B54 /* BounceConstants.swift */,
				213482CF1CCDA5C700CAAD93 /* Data Model.xcdatamodeld */,
				213482EA1CCDAA0300CAAD93 /* Post+CoreDataProperties.swift */,
				213482EB1CCDAA0300CAAD93 /* Post.swift */,
				213482ED1CCDAA0300CAAD93 /* Place.swift */,
				21432A8E1C7FD09900FB9B99 /* UserFetcher.swift */,
				212DE0DF1CBC750200FEE5C4 /* KinveyUploader.swift */,
				21D420171CC9B629003E9B0E /* KinveyFetcher.swift */,
				2143AC001CD00B9C008BBF2D /* FourSquarePlace.swift */,
				21FFED561C4884EE006F294F /* LocationFetcher.swift */,
				212DE0E11CBDD17800FEE5C4 /* Helpers */,
				21970FC21C4DA44D00048B54 /* 3rd Party Models */,
			);
			name = Model;
			sourceTree = "<group>";
		};
		584B4537B2D2E72C9C276F53 /* Frameworks */ = {
			isa = PBXGroup;
			children = (
				FD79F3CDCD91F6F39D4A0271 /* Pods_Bounce.framework */,
			);
			name = Frameworks;
			sourceTree = "<group>";
		};
		5AFE4A6A19E012D00819C9EB /* Pods */ = {
			isa = PBXGroup;
			children = (
				0EC36282F191544BA7F4A271 /* Pods-Bounce.debug.xcconfig */,
				987CB5985C4580F3B8979254 /* Pods-Bounce.release.xcconfig */,
			);
			name = Pods;
			sourceTree = "<group>";
		};
/* End PBXGroup section */

/* Begin PBXNativeTarget section */
		21FFED211C487CEE006F294F /* Bounce */ = {
			isa = PBXNativeTarget;
			buildConfigurationList = 21FFED4A1C487CEE006F294F /* Build configuration list for PBXNativeTarget "Bounce" */;
			buildPhases = (
				DE405C593D8A8D021B8D0010 /* Check Pods Manifest.lock */,
				21FFED1E1C487CEE006F294F /* Sources */,
				21FFED1F1C487CEE006F294F /* Frameworks */,
				21FFED201C487CEE006F294F /* Resources */,
				21AC739F1C5193D300C81D68 /* Embed Frameworks */,
				3EF09AAC0DC132C823899F18 /* Embed Pods Frameworks */,
				BA1AA87CD9162F45D7509CDD /* Copy Pods Resources */,
			);
			buildRules = (
			);
			dependencies = (
			);
			name = Bounce;
			productName = Bounce;
			productReference = 21FFED221C487CEE006F294F /* Bounce.app */;
			productType = "com.apple.product-type.application";
		};
		21FFED351C487CEE006F294F /* BounceTests */ = {
			isa = PBXNativeTarget;
			buildConfigurationList = 21FFED4D1C487CEE006F294F /* Build configuration list for PBXNativeTarget "BounceTests" */;
			buildPhases = (
				21FFED321C487CEE006F294F /* Sources */,
				21FFED331C487CEE006F294F /* Frameworks */,
				21FFED341C487CEE006F294F /* Resources */,
			);
			buildRules = (
			);
			dependencies = (
				21FFED381C487CEE006F294F /* PBXTargetDependency */,
			);
			name = BounceTests;
			productName = BounceTests;
			productReference = 21FFED361C487CEE006F294F /* BounceTests.xctest */;
			productType = "com.apple.product-type.bundle.unit-test";
		};
		21FFED401C487CEE006F294F /* BounceUITests */ = {
			isa = PBXNativeTarget;
			buildConfigurationList = 21FFED501C487CEE006F294F /* Build configuration list for PBXNativeTarget "BounceUITests" */;
			buildPhases = (
				21FFED3D1C487CEE006F294F /* Sources */,
				21FFED3E1C487CEE006F294F /* Frameworks */,
				21FFED3F1C487CEE006F294F /* Resources */,
			);
			buildRules = (
			);
			dependencies = (
				21FFED431C487CEE006F294F /* PBXTargetDependency */,
			);
			name = BounceUITests;
			productName = BounceUITests;
			productReference = 21FFED411C487CEE006F294F /* BounceUITests.xctest */;
			productType = "com.apple.product-type.bundle.ui-testing";
		};
/* End PBXNativeTarget section */

/* Begin PBXProject section */
		21FFED1A1C487CEE006F294F /* Project object */ = {
			isa = PBXProject;
			attributes = {
				LastSwiftUpdateCheck = 0720;
				LastUpgradeCheck = 0730;
				ORGANIZATIONNAME = "Andrew Roach";
				TargetAttributes = {
					21FFED211C487CEE006F294F = {
						CreatedOnToolsVersion = 7.2;
						DevelopmentTeam = P44AL382B9;
						SystemCapabilities = {
							com.apple.InAppPurchase = {
								enabled = 0;
							};
							com.apple.Maps.iOS = {
								enabled = 1;
							};
						};
					};
					21FFED351C487CEE006F294F = {
						CreatedOnToolsVersion = 7.2;
						TestTargetID = 21FFED211C487CEE006F294F;
					};
					21FFED401C487CEE006F294F = {
						CreatedOnToolsVersion = 7.2;
						TestTargetID = 21FFED211C487CEE006F294F;
					};
				};
			};
			buildConfigurationList = 21FFED1D1C487CEE006F294F /* Build configuration list for PBXProject "Bounce" */;
			compatibilityVersion = "Xcode 3.2";
			developmentRegion = English;
			hasScannedForEncodings = 0;
			knownRegions = (
				en,
				Base,
			);
			mainGroup = 21FFED191C487CEE006F294F;
			productRefGroup = 21FFED231C487CEE006F294F /* Products */;
			projectDirPath = "";
			projectRoot = "";
			targets = (
				21FFED211C487CEE006F294F /* Bounce */,
				21FFED351C487CEE006F294F /* BounceTests */,
				21FFED401C487CEE006F294F /* BounceUITests */,
			);
		};
/* End PBXProject section */

/* Begin PBXResourcesBuildPhase section */
		21FFED201C487CEE006F294F /* Resources */ = {
			isa = PBXResourcesBuildPhase;
			buildActionMask = 2147483647;
			files = (
				21FFED301C487CEE006F294F /* LaunchScreen.storyboard in Resources */,
				21FFED2D1C487CEE006F294F /* Assets.xcassets in Resources */,
				21FFED2B1C487CEE006F294F /* Main.storyboard in Resources */,
			);
			runOnlyForDeploymentPostprocessing = 0;
		};
		21FFED341C487CEE006F294F /* Resources */ = {
			isa = PBXResourcesBuildPhase;
			buildActionMask = 2147483647;
			files = (
			);
			runOnlyForDeploymentPostprocessing = 0;
		};
		21FFED3F1C487CEE006F294F /* Resources */ = {
			isa = PBXResourcesBuildPhase;
			buildActionMask = 2147483647;
			files = (
			);
			runOnlyForDeploymentPostprocessing = 0;
		};
/* End PBXResourcesBuildPhase section */

/* Begin PBXShellScriptBuildPhase section */
		3EF09AAC0DC132C823899F18 /* Embed Pods Frameworks */ = {
			isa = PBXShellScriptBuildPhase;
			buildActionMask = 2147483647;
			files = (
			);
			inputPaths = (
			);
			name = "Embed Pods Frameworks";
			outputPaths = (
			);
			runOnlyForDeploymentPostprocessing = 0;
			shellPath = /bin/sh;
			shellScript = "\"${SRCROOT}/Pods/Target Support Files/Pods-Bounce/Pods-Bounce-frameworks.sh\"\n";
			showEnvVarsInLog = 0;
		};
		BA1AA87CD9162F45D7509CDD /* Copy Pods Resources */ = {
			isa = PBXShellScriptBuildPhase;
			buildActionMask = 2147483647;
			files = (
			);
			inputPaths = (
			);
			name = "Copy Pods Resources";
			outputPaths = (
			);
			runOnlyForDeploymentPostprocessing = 0;
			shellPath = /bin/sh;
			shellScript = "\"${SRCROOT}/Pods/Target Support Files/Pods-Bounce/Pods-Bounce-resources.sh\"\n";
			showEnvVarsInLog = 0;
		};
		DE405C593D8A8D021B8D0010 /* Check Pods Manifest.lock */ = {
			isa = PBXShellScriptBuildPhase;
			buildActionMask = 2147483647;
			files = (
			);
			inputPaths = (
			);
			name = "Check Pods Manifest.lock";
			outputPaths = (
			);
			runOnlyForDeploymentPostprocessing = 0;
			shellPath = /bin/sh;
			shellScript = "diff \"${PODS_ROOT}/../Podfile.lock\" \"${PODS_ROOT}/Manifest.lock\" > /dev/null\nif [[ $? != 0 ]] ; then\n    cat << EOM\nerror: The sandbox is not in sync with the Podfile.lock. Run 'pod install' or update your CocoaPods installation.\nEOM\n    exit 1\nfi\n";
			showEnvVarsInLog = 0;
		};
/* End PBXShellScriptBuildPhase section */

/* Begin PBXSourcesBuildPhase section */
		21FFED1E1C487CEE006F294F /* Sources */ = {
			isa = PBXSourcesBuildPhase;
			buildActionMask = 2147483647;
			files = (
				21FFED621C4AAAC4006F294F /* PostVC.swift in Sources */,
				21970FE01C4EFF5600048B54 /* BounceConstants.swift in Sources */,
				214329A41C7254D200FB9B99 /* FBLoginVC.swift in Sources */,
				210641811C585DDF00DFF326 /* PlaceVC.swift in Sources */,
				21970FC61C4DB03300048B54 /* NearbyPlacesTVC.swift in Sources */,
				21FFED601C4AA325006F294F /* Proposer.swift in Sources */,
				212DE0E01CBC750200FEE5C4 /* KinveyUploader.swift in Sources */,
				213482EE1CCDAA0300CAAD93 /* Post+CoreDataProperties.swift in Sources */,
				213482D11CCDA5C700CAAD93 /* Data Model.xcdatamodeld in Sources */,
				21092A991C4B39FA0087BDE9 /* CameraVC.swift in Sources */,
				21EC4E441C820090002C3572 /* Extensions.swift in Sources */,
				21D420181CC9B629003E9B0E /* KinveyFetcher.swift in Sources */,
				214FE49C1D1B68C10079DB60 /* ReportPostVC.swift in Sources */,
				213482EF1CCDAA0300CAAD93 /* Post.swift in Sources */,
				21432A8F1C7FD09900FB9B99 /* UserFetcher.swift in Sources */,
				21FFED5B1C488617006F294F /* MapVC.swift in Sources */,
				2106417F1C56E41E00DFF326 /* BounceAnnotation.swift in Sources */,
				21FFED571C4884EE006F294F /* LocationFetcher.swift in Sources */,
				213482F11CCDAA0300CAAD93 /* Place.swift in Sources */,
				2143AC011CD00B9C008BBF2D /* FourSquarePlace.swift in Sources */,
				2114B42E1C5E69590002C930 /* ImageConfigurer.swift in Sources */,
				2114B42A1C59890F0002C930 /* PlaceTableViewCell.swift in Sources */,
				21970FC11C4DA44900048B54 /* SwiftyJSON.swift in Sources */,
				21FFED261C487CEE006F294F /* AppDelegate.swift in Sources */,
			);
			runOnlyForDeploymentPostprocessing = 0;
		};
		21FFED321C487CEE006F294F /* Sources */ = {
			isa = PBXSourcesBuildPhase;
			buildActionMask = 2147483647;
			files = (
				21FFED3B1C487CEE006F294F /* BounceTests.swift in Sources */,
			);
			runOnlyForDeploymentPostprocessing = 0;
		};
		21FFED3D1C487CEE006F294F /* Sources */ = {
			isa = PBXSourcesBuildPhase;
			buildActionMask = 2147483647;
			files = (
				21FFED461C487CEE006F294F /* BounceUITests.swift in Sources */,
			);
			runOnlyForDeploymentPostprocessing = 0;
		};
/* End PBXSourcesBuildPhase section */

/* Begin PBXTargetDependency section */
		21FFED381C487CEE006F294F /* PBXTargetDependency */ = {
			isa = PBXTargetDependency;
			target = 21FFED211C487CEE006F294F /* Bounce */;
			targetProxy = 21FFED371C487CEE006F294F /* PBXContainerItemProxy */;
		};
		21FFED431C487CEE006F294F /* PBXTargetDependency */ = {
			isa = PBXTargetDependency;
			target = 21FFED211C487CEE006F294F /* Bounce */;
			targetProxy = 21FFED421C487CEE006F294F /* PBXContainerItemProxy */;
		};
/* End PBXTargetDependency section */

/* Begin PBXVariantGroup section */
		21FFED291C487CEE006F294F /* Main.storyboard */ = {
			isa = PBXVariantGroup;
			children = (
				21FFED2A1C487CEE006F294F /* Base */,
			);
			name = Main.storyboard;
			sourceTree = "<group>";
		};
		21FFED2E1C487CEE006F294F /* LaunchScreen.storyboard */ = {
			isa = PBXVariantGroup;
			children = (
				21FFED2F1C487CEE006F294F /* Base */,
			);
			name = LaunchScreen.storyboard;
			sourceTree = "<group>";
		};
/* End PBXVariantGroup section */

/* Begin XCBuildConfiguration section */
		21FFED481C487CEE006F294F /* Debug */ = {
			isa = XCBuildConfiguration;
			buildSettings = {
				ALWAYS_SEARCH_USER_PATHS = NO;
				CLANG_CXX_LANGUAGE_STANDARD = "gnu++0x";
				CLANG_CXX_LIBRARY = "libc++";
				CLANG_ENABLE_MODULES = YES;
				CLANG_ENABLE_OBJC_ARC = YES;
				CLANG_WARN_BOOL_CONVERSION = YES;
				CLANG_WARN_CONSTANT_CONVERSION = YES;
				CLANG_WARN_DIRECT_OBJC_ISA_USAGE = YES_ERROR;
				CLANG_WARN_EMPTY_BODY = YES;
				CLANG_WARN_ENUM_CONVERSION = YES;
				CLANG_WARN_INT_CONVERSION = YES;
				CLANG_WARN_OBJC_ROOT_CLASS = YES_ERROR;
				CLANG_WARN_UNREACHABLE_CODE = YES;
				CLANG_WARN__DUPLICATE_METHOD_MATCH = YES;
				"CODE_SIGN_IDENTITY[sdk=iphoneos*]" = "iPhone Developer";
				COPY_PHASE_STRIP = NO;
				DEBUG_INFORMATION_FORMAT = dwarf;
				ENABLE_STRICT_OBJC_MSGSEND = YES;
				ENABLE_TESTABILITY = YES;
				GCC_C_LANGUAGE_STANDARD = gnu99;
				GCC_DYNAMIC_NO_PIC = NO;
				GCC_NO_COMMON_BLOCKS = YES;
				GCC_OPTIMIZATION_LEVEL = 0;
				GCC_PREPROCESSOR_DEFINITIONS = (
					"DEBUG=1",
					"$(inherited)",
				);
				GCC_WARN_64_TO_32_BIT_CONVERSION = YES;
				GCC_WARN_ABOUT_RETURN_TYPE = YES_ERROR;
				GCC_WARN_UNDECLARED_SELECTOR = YES;
				GCC_WARN_UNINITIALIZED_AUTOS = YES_AGGRESSIVE;
				GCC_WARN_UNUSED_FUNCTION = YES;
				GCC_WARN_UNUSED_VARIABLE = YES;
				IPHONEOS_DEPLOYMENT_TARGET = 9.0;
				MTL_ENABLE_DEBUG_INFO = YES;
				ONLY_ACTIVE_ARCH = YES;
				SDKROOT = iphoneos;
				SWIFT_OPTIMIZATION_LEVEL = "-Onone";
			};
			name = Debug;
		};
		21FFED491C487CEE006F294F /* Release */ = {
			isa = XCBuildConfiguration;
			buildSettings = {
				ALWAYS_SEARCH_USER_PATHS = NO;
				CLANG_CXX_LANGUAGE_STANDARD = "gnu++0x";
				CLANG_CXX_LIBRARY = "libc++";
				CLANG_ENABLE_MODULES = YES;
				CLANG_ENABLE_OBJC_ARC = YES;
				CLANG_WARN_BOOL_CONVERSION = YES;
				CLANG_WARN_CONSTANT_CONVERSION = YES;
				CLANG_WARN_DIRECT_OBJC_ISA_USAGE = YES_ERROR;
				CLANG_WARN_EMPTY_BODY = YES;
				CLANG_WARN_ENUM_CONVERSION = YES;
				CLANG_WARN_INT_CONVERSION = YES;
				CLANG_WARN_OBJC_ROOT_CLASS = YES_ERROR;
				CLANG_WARN_UNREACHABLE_CODE = YES;
				CLANG_WARN__DUPLICATE_METHOD_MATCH = YES;
				"CODE_SIGN_IDENTITY[sdk=iphoneos*]" = "iPhone Developer";
				COPY_PHASE_STRIP = NO;
				DEBUG_INFORMATION_FORMAT = "dwarf-with-dsym";
				ENABLE_NS_ASSERTIONS = NO;
				ENABLE_STRICT_OBJC_MSGSEND = YES;
				GCC_C_LANGUAGE_STANDARD = gnu99;
				GCC_NO_COMMON_BLOCKS = YES;
				GCC_WARN_64_TO_32_BIT_CONVERSION = YES;
				GCC_WARN_ABOUT_RETURN_TYPE = YES_ERROR;
				GCC_WARN_UNDECLARED_SELECTOR = YES;
				GCC_WARN_UNINITIALIZED_AUTOS = YES_AGGRESSIVE;
				GCC_WARN_UNUSED_FUNCTION = YES;
				GCC_WARN_UNUSED_VARIABLE = YES;
				IPHONEOS_DEPLOYMENT_TARGET = 9.0;
				MTL_ENABLE_DEBUG_INFO = NO;
				SDKROOT = iphoneos;
				VALIDATE_PRODUCT = YES;
			};
			name = Release;
		};
		21FFED4B1C487CEE006F294F /* Debug */ = {
			isa = XCBuildConfiguration;
			baseConfigurationReference = 0EC36282F191544BA7F4A271 /* Pods-Bounce.debug.xcconfig */;
			buildSettings = {
				ASSETCATALOG_COMPILER_APPICON_NAME = AppIcon;
				DEFINES_MODULE = NO;
				ENABLE_BITCODE = NO;
				FRAMEWORK_SEARCH_PATHS = (
					"$(inherited)",
					"$(PROJECT_DIR)",
					"$(PROJECT_DIR)/Bounce",
				);
				INFOPLIST_FILE = Bounce/Info.plist;
				IPHONEOS_DEPLOYMENT_TARGET = 9.3;
				LD_RUNPATH_SEARCH_PATHS = "$(inherited) @executable_path/Frameworks";
				PRODUCT_BUNDLE_IDENTIFIER = awesomeApps.Bounce;
				PRODUCT_NAME = "$(TARGET_NAME)";
				SWIFT_OBJC_BRIDGING_HEADER = Header.h;
				TARGETED_DEVICE_FAMILY = 1;
			};
			name = Debug;
		};
		21FFED4C1C487CEE006F294F /* Release */ = {
			isa = XCBuildConfiguration;
			baseConfigurationReference = 987CB5985C4580F3B8979254 /* Pods-Bounce.release.xcconfig */;
			buildSettings = {
				ASSETCATALOG_COMPILER_APPICON_NAME = AppIcon;
				DEFINES_MODULE = NO;
				ENABLE_BITCODE = NO;
				FRAMEWORK_SEARCH_PATHS = (
					"$(inherited)",
					"$(PROJECT_DIR)",
					"$(PROJECT_DIR)/Bounce",
				);
				INFOPLIST_FILE = Bounce/Info.plist;
				IPHONEOS_DEPLOYMENT_TARGET = 9.3;
				LD_RUNPATH_SEARCH_PATHS = "$(inherited) @executable_path/Frameworks";
				PRODUCT_BUNDLE_IDENTIFIER = awesomeApps.Bounce;
				PRODUCT_NAME = "$(TARGET_NAME)";
				SWIFT_OBJC_BRIDGING_HEADER = Header.h;
				TARGETED_DEVICE_FAMILY = 1;
			};
			name = Release;
		};
		21FFED4E1C487CEE006F294F /* Debug */ = {
			isa = XCBuildConfiguration;
			buildSettings = {
				BUNDLE_LOADER = "$(TEST_HOST)";
				INFOPLIST_FILE = BounceTests/Info.plist;
				LD_RUNPATH_SEARCH_PATHS = "$(inherited) @executable_path/Frameworks @loader_path/Frameworks";
				PRODUCT_BUNDLE_IDENTIFIER = awesomeApps.BounceTests;
				PRODUCT_NAME = "$(TARGET_NAME)";
				TEST_HOST = "$(BUILT_PRODUCTS_DIR)/Bounce.app/Bounce";
			};
			name = Debug;
		};
		21FFED4F1C487CEE006F294F /* Release */ = {
			isa = XCBuildConfiguration;
			buildSettings = {
				BUNDLE_LOADER = "$(TEST_HOST)";
				INFOPLIST_FILE = BounceTests/Info.plist;
				LD_RUNPATH_SEARCH_PATHS = "$(inherited) @executable_path/Frameworks @loader_path/Frameworks";
				PRODUCT_BUNDLE_IDENTIFIER = awesomeApps.BounceTests;
				PRODUCT_NAME = "$(TARGET_NAME)";
				TEST_HOST = "$(BUILT_PRODUCTS_DIR)/Bounce.app/Bounce";
			};
			name = Release;
		};
		21FFED511C487CEE006F294F /* Debug */ = {
			isa = XCBuildConfiguration;
			buildSettings = {
				CODE_SIGN_IDENTITY = "iPhone Developer";
				INFOPLIST_FILE = BounceUITests/Info.plist;
				LD_RUNPATH_SEARCH_PATHS = "$(inherited) @executable_path/Frameworks @loader_path/Frameworks";
				PRODUCT_BUNDLE_IDENTIFIER = awesomeApps.BounceUITests;
				PRODUCT_NAME = "$(TARGET_NAME)";
				TEST_TARGET_NAME = Bounce;
				USES_XCTRUNNER = YES;
			};
			name = Debug;
		};
		21FFED521C487CEE006F294F /* Release */ = {
			isa = XCBuildConfiguration;
			buildSettings = {
				"CODE_SIGN_ENTITLEMENTS[sdk=*]" = "";
				INFOPLIST_FILE = BounceUITests/Info.plist;
				LD_RUNPATH_SEARCH_PATHS = "$(inherited) @executable_path/Frameworks @loader_path/Frameworks";
				PRODUCT_BUNDLE_IDENTIFIER = awesomeApps.BounceUITests;
				PRODUCT_NAME = "$(TARGET_NAME)";
				TEST_TARGET_NAME = Bounce;
				USES_XCTRUNNER = YES;
			};
			name = Release;
		};
/* End XCBuildConfiguration section */

/* Begin XCConfigurationList section */
		21FFED1D1C487CEE006F294F /* Build configuration list for PBXProject "Bounce" */ = {
			isa = XCConfigurationList;
			buildConfigurations = (
				21FFED481C487CEE006F294F /* Debug */,
				21FFED491C487CEE006F294F /* Release */,
			);
			defaultConfigurationIsVisible = 0;
			defaultConfigurationName = Release;
		};
		21FFED4A1C487CEE006F294F /* Build configuration list for PBXNativeTarget "Bounce" */ = {
			isa = XCConfigurationList;
			buildConfigurations = (
				21FFED4B1C487CEE006F294F /* Debug */,
				21FFED4C1C487CEE006F294F /* Release */,
			);
			defaultConfigurationIsVisible = 0;
			defaultConfigurationName = Release;
		};
		21FFED4D1C487CEE006F294F /* Build configuration list for PBXNativeTarget "BounceTests" */ = {
			isa = XCConfigurationList;
			buildConfigurations = (
				21FFED4E1C487CEE006F294F /* Debug */,
				21FFED4F1C487CEE006F294F /* Release */,
			);
			defaultConfigurationIsVisible = 0;
			defaultConfigurationName = Release;
		};
		21FFED501C487CEE006F294F /* Build configuration list for PBXNativeTarget "BounceUITests" */ = {
			isa = XCConfigurationList;
			buildConfigurations = (
				21FFED511C487CEE006F294F /* Debug */,
				21FFED521C487CEE006F294F /* Release */,
			);
			defaultConfigurationIsVisible = 0;
			defaultConfigurationName = Release;
		};
/* End XCConfigurationList section */

/* Begin XCVersionGroup section */
		213482CF1CCDA5C700CAAD93 /* Data Model.xcdatamodeld */ = {
			isa = XCVersionGroup;
			children = (
				213482D01CCDA5C700CAAD93 /* Data Model.xcdatamodel */,
			);
			currentVersion = 213482D01CCDA5C700CAAD93 /* Data Model.xcdatamodel */;
			name = "Data Model.xcdatamodeld";
			path = "Model/Data Model.xcdatamodeld";
			sourceTree = "<group>";
			versionGroupType = wrapper.xcdatamodel;
		};
/* End XCVersionGroup section */
	};
	rootObject = 21FFED1A1C487CEE006F294F /* Project object */;
}
