// !$*UTF8*$!
{
	archiveVersion = 1;
	classes = {
	};
	objectVersion = 46;
	objects = {

/* Begin PBXBuildFile section */
		2106417F1C56E41E00DFF326 /* BounceAnnotation.swift in Sources */ = {isa = PBXBuildFile; fileRef = 2106417E1C56E41E00DFF326 /* BounceAnnotation.swift */; };
		210641811C585DDF00DFF326 /* PlaceVC.swift in Sources */ = {isa = PBXBuildFile; fileRef = 210641801C585DDF00DFF326 /* PlaceVC.swift */; };
		21092A991C4B39FA0087BDE9 /* CameraVC.swift in Sources */ = {isa = PBXBuildFile; fileRef = 21092A981C4B39FA0087BDE9 /* CameraVC.swift */; };
		21970FC11C4DA44900048B54 /* SwiftyJSON.swift in Sources */ = {isa = PBXBuildFile; fileRef = 21970FC01C4DA44900048B54 /* SwiftyJSON.swift */; };
		21970FC41C4DA76E00048B54 /* Place.swift in Sources */ = {isa = PBXBuildFile; fileRef = 21970FC31C4DA76E00048B54 /* Place.swift */; };
		21970FC61C4DB03300048B54 /* NearbyPlacesTVC.swift in Sources */ = {isa = PBXBuildFile; fileRef = 21970FC51C4DB03300048B54 /* NearbyPlacesTVC.swift */; };
		21970FC91C4DD42800048B54 /* Bolts.framework in Frameworks */ = {isa = PBXBuildFile; fileRef = 21970FC71C4DD42800048B54 /* Bolts.framework */; };
		21970FCA1C4DD42800048B54 /* Parse.framework in Frameworks */ = {isa = PBXBuildFile; fileRef = 21970FC81C4DD42800048B54 /* Parse.framework */; };
		21970FCC1C4DD4A000048B54 /* AudioToolbox.framework in Frameworks */ = {isa = PBXBuildFile; fileRef = 21970FCB1C4DD4A000048B54 /* AudioToolbox.framework */; };
		21970FCE1C4DD4AF00048B54 /* CFNetwork.framework in Frameworks */ = {isa = PBXBuildFile; fileRef = 21970FCD1C4DD4AF00048B54 /* CFNetwork.framework */; };
		21970FD01C4DD4B400048B54 /* CoreGraphics.framework in Frameworks */ = {isa = PBXBuildFile; fileRef = 21970FCF1C4DD4B400048B54 /* CoreGraphics.framework */; };
		21970FD21C4DD4BF00048B54 /* CoreLocation.framework in Frameworks */ = {isa = PBXBuildFile; fileRef = 21970FD11C4DD4BF00048B54 /* CoreLocation.framework */; };
		21970FD41C4DD4C700048B54 /* QuartzCore.framework in Frameworks */ = {isa = PBXBuildFile; fileRef = 21970FD31C4DD4C700048B54 /* QuartzCore.framework */; };
		21970FD61C4DD4CE00048B54 /* Security.framework in Frameworks */ = {isa = PBXBuildFile; fileRef = 21970FD51C4DD4CE00048B54 /* Security.framework */; };
		21970FD81C4DD4D900048B54 /* StoreKit.framework in Frameworks */ = {isa = PBXBuildFile; fileRef = 21970FD71C4DD4D900048B54 /* StoreKit.framework */; };
		21970FDA1C4DD4E800048B54 /* SystemConfiguration.framework in Frameworks */ = {isa = PBXBuildFile; fileRef = 21970FD91C4DD4E800048B54 /* SystemConfiguration.framework */; };
		21970FDC1C4DD4F100048B54 /* libz.tbd in Frameworks */ = {isa = PBXBuildFile; fileRef = 21970FDB1C4DD4F100048B54 /* libz.tbd */; };
		21970FDE1C4DD4FA00048B54 /* libsqlite3.tbd in Frameworks */ = {isa = PBXBuildFile; fileRef = 21970FDD1C4DD4FA00048B54 /* libsqlite3.tbd */; };
		21970FE01C4EFF5600048B54 /* BounceConstants.swift in Sources */ = {isa = PBXBuildFile; fileRef = 21970FDF1C4EFF5600048B54 /* BounceConstants.swift */; };
		21AC739B1C5193D300C81D68 /* Realm.framework in Frameworks */ = {isa = PBXBuildFile; fileRef = 21AC73991C5193D300C81D68 /* Realm.framework */; };
		21AC739C1C5193D300C81D68 /* Realm.framework in Embed Frameworks */ = {isa = PBXBuildFile; fileRef = 21AC73991C5193D300C81D68 /* Realm.framework */; settings = {ATTRIBUTES = (CodeSignOnCopy, RemoveHeadersOnCopy, ); }; };
		21AC739D1C5193D300C81D68 /* RealmSwift.framework in Frameworks */ = {isa = PBXBuildFile; fileRef = 21AC739A1C5193D300C81D68 /* RealmSwift.framework */; };
		21AC739E1C5193D300C81D68 /* RealmSwift.framework in Embed Frameworks */ = {isa = PBXBuildFile; fileRef = 21AC739A1C5193D300C81D68 /* RealmSwift.framework */; settings = {ATTRIBUTES = (CodeSignOnCopy, RemoveHeadersOnCopy, ); }; };
		21AC73A11C51964800C81D68 /* DataModel.swift in Sources */ = {isa = PBXBuildFile; fileRef = 21AC73A01C51964800C81D68 /* DataModel.swift */; };
		21FFED261C487CEE006F294F /* AppDelegate.swift in Sources */ = {isa = PBXBuildFile; fileRef = 21FFED251C487CEE006F294F /* AppDelegate.swift */; };
		21FFED2B1C487CEE006F294F /* Main.storyboard in Resources */ = {isa = PBXBuildFile; fileRef = 21FFED291C487CEE006F294F /* Main.storyboard */; };
		21FFED2D1C487CEE006F294F /* Assets.xcassets in Resources */ = {isa = PBXBuildFile; fileRef = 21FFED2C1C487CEE006F294F /* Assets.xcassets */; };
		21FFED301C487CEE006F294F /* LaunchScreen.storyboard in Resources */ = {isa = PBXBuildFile; fileRef = 21FFED2E1C487CEE006F294F /* LaunchScreen.storyboard */; };
		21FFED3B1C487CEE006F294F /* BounceTests.swift in Sources */ = {isa = PBXBuildFile; fileRef = 21FFED3A1C487CEE006F294F /* BounceTests.swift */; };
		21FFED461C487CEE006F294F /* BounceUITests.swift in Sources */ = {isa = PBXBuildFile; fileRef = 21FFED451C487CEE006F294F /* BounceUITests.swift */; };
		21FFED541C487F5F006F294F /* ParseFetcher.swift in Sources */ = {isa = PBXBuildFile; fileRef = 21FFED531C487F5F006F294F /* ParseFetcher.swift */; };
		21FFED571C4884EE006F294F /* LocationFetcher.swift in Sources */ = {isa = PBXBuildFile; fileRef = 21FFED561C4884EE006F294F /* LocationFetcher.swift */; };
		21FFED5B1C488617006F294F /* MapVC.swift in Sources */ = {isa = PBXBuildFile; fileRef = 21FFED5A1C488617006F294F /* MapVC.swift */; };
		21FFED5D1C488689006F294F /* MapKit.framework in Frameworks */ = {isa = PBXBuildFile; fileRef = 21FFED5C1C488689006F294F /* MapKit.framework */; };
		21FFED601C4AA325006F294F /* Proposer.swift in Sources */ = {isa = PBXBuildFile; fileRef = 21FFED5F1C4AA325006F294F /* Proposer.swift */; };
		21FFED621C4AAAC4006F294F /* PostVC.swift in Sources */ = {isa = PBXBuildFile; fileRef = 21FFED611C4AAAC4006F294F /* PostVC.swift */; };
		21FFED641C4AAB78006F294F /* Post.swift in Sources */ = {isa = PBXBuildFile; fileRef = 21FFED631C4AAB78006F294F /* Post.swift */; };
/* End PBXBuildFile section */

/* Begin PBXContainerItemProxy section */
		21FFED371C487CEE006F294F /* PBXContainerItemProxy */ = {
			isa = PBXContainerItemProxy;
			containerPortal = 21FFED1A1C487CEE006F294F /* Project object */;
			proxyType = 1;
			remoteGlobalIDString = 21FFED211C487CEE006F294F;
			remoteInfo = Bounce;
		};
		21FFED421C487CEE006F294F /* PBXContainerItemProxy */ = {
			isa = PBXContainerItemProxy;
			containerPortal = 21FFED1A1C487CEE006F294F /* Project object */;
			proxyType = 1;
			remoteGlobalIDString = 21FFED211C487CEE006F294F;
			remoteInfo = Bounce;
		};
/* End PBXContainerItemProxy section */

/* Begin PBXCopyFilesBuildPhase section */
		21AC739F1C5193D300C81D68 /* Embed Frameworks */ = {
			isa = PBXCopyFilesBuildPhase;
			buildActionMask = 2147483647;
			dstPath = "";
			dstSubfolderSpec = 10;
			files = (
				21AC739E1C5193D300C81D68 /* RealmSwift.framework in Embed Frameworks */,
				21AC739C1C5193D300C81D68 /* Realm.framework in Embed Frameworks */,
			);
			name = "Embed Frameworks";
			runOnlyForDeploymentPostprocessing = 0;
		};
/* End PBXCopyFilesBuildPhase section */

/* Begin PBXFileReference section */
		2106417E1C56E41E00DFF326 /* BounceAnnotation.swift */ = {isa = PBXFileReference; fileEncoding = 4; lastKnownFileType = sourcecode.swift; name = BounceAnnotation.swift; path = Model/BounceAnnotation.swift; sourceTree = "<group>"; };
		210641801C585DDF00DFF326 /* PlaceVC.swift */ = {isa = PBXFileReference; fileEncoding = 4; lastKnownFileType = sourcecode.swift; name = PlaceVC.swift; path = "View Controllers/PlaceVC.swift"; sourceTree = "<group>"; };
		21092A981C4B39FA0087BDE9 /* CameraVC.swift */ = {isa = PBXFileReference; fileEncoding = 4; lastKnownFileType = sourcecode.swift; name = CameraVC.swift; path = "View Controllers/CameraVC.swift"; sourceTree = "<group>"; };
		21970FC01C4DA44900048B54 /* SwiftyJSON.swift */ = {isa = PBXFileReference; fileEncoding = 4; lastKnownFileType = sourcecode.swift; path = SwiftyJSON.swift; sourceTree = "<group>"; };
		21970FC31C4DA76E00048B54 /* Place.swift */ = {isa = PBXFileReference; fileEncoding = 4; lastKnownFileType = sourcecode.swift; name = Place.swift; path = Model/Place.swift; sourceTree = "<group>"; };
		21970FC51C4DB03300048B54 /* NearbyPlacesTVC.swift */ = {isa = PBXFileReference; fileEncoding = 4; lastKnownFileType = sourcecode.swift; name = NearbyPlacesTVC.swift; path = "View Controllers/NearbyPlacesTVC.swift"; sourceTree = "<group>"; };
		21970FC71C4DD42800048B54 /* Bolts.framework */ = {isa = PBXFileReference; lastKnownFileType = wrapper.framework; path = Bolts.framework; sourceTree = "<group>"; };
		21970FC81C4DD42800048B54 /* Parse.framework */ = {isa = PBXFileReference; lastKnownFileType = wrapper.framework; path = Parse.framework; sourceTree = "<group>"; };
		21970FCB1C4DD4A000048B54 /* AudioToolbox.framework */ = {isa = PBXFileReference; lastKnownFileType = wrapper.framework; name = AudioToolbox.framework; path = System/Library/Frameworks/AudioToolbox.framework; sourceTree = SDKROOT; };
		21970FCD1C4DD4AF00048B54 /* CFNetwork.framework */ = {isa = PBXFileReference; lastKnownFileType = wrapper.framework; name = CFNetwork.framework; path = System/Library/Frameworks/CFNetwork.framework; sourceTree = SDKROOT; };
		21970FCF1C4DD4B400048B54 /* CoreGraphics.framework */ = {isa = PBXFileReference; lastKnownFileType = wrapper.framework; name = CoreGraphics.framework; path = System/Library/Frameworks/CoreGraphics.framework; sourceTree = SDKROOT; };
		21970FD11C4DD4BF00048B54 /* CoreLocation.framework */ = {isa = PBXFileReference; lastKnownFileType = wrapper.framework; name = CoreLocation.framework; path = System/Library/Frameworks/CoreLocation.framework; sourceTree = SDKROOT; };
		21970FD31C4DD4C700048B54 /* QuartzCore.framework */ = {isa = PBXFileReference; lastKnownFileType = wrapper.framework; name = QuartzCore.framework; path = System/Library/Frameworks/QuartzCore.framework; sourceTree = SDKROOT; };
		21970FD51C4DD4CE00048B54 /* Security.framework */ = {isa = PBXFileReference; lastKnownFileType = wrapper.framework; name = Security.framework; path = System/Library/Frameworks/Security.framework; sourceTree = SDKROOT; };
		21970FD71C4DD4D900048B54 /* StoreKit.framework */ = {isa = PBXFileReference; lastKnownFileType = wrapper.framework; name = StoreKit.framework; path = System/Library/Frameworks/StoreKit.framework; sourceTree = SDKROOT; };
		21970FD91C4DD4E800048B54 /* SystemConfiguration.framework */ = {isa = PBXFileReference; lastKnownFileType = wrapper.framework; name = SystemConfiguration.framework; path = System/Library/Frameworks/SystemConfiguration.framework; sourceTree = SDKROOT; };
		21970FDB1C4DD4F100048B54 /* libz.tbd */ = {isa = PBXFileReference; lastKnownFileType = "sourcecode.text-based-dylib-definition"; name = libz.tbd; path = usr/lib/libz.tbd; sourceTree = SDKROOT; };
		21970FDD1C4DD4FA00048B54 /* libsqlite3.tbd */ = {isa = PBXFileReference; lastKnownFileType = "sourcecode.text-based-dylib-definition"; name = libsqlite3.tbd; path = usr/lib/libsqlite3.tbd; sourceTree = SDKROOT; };
		21970FDF1C4EFF5600048B54 /* BounceConstants.swift */ = {isa = PBXFileReference; fileEncoding = 4; lastKnownFileType = sourcecode.swift; name = BounceConstants.swift; path = Model/BounceConstants.swift; sourceTree = "<group>"; };
		21AC73991C5193D300C81D68 /* Realm.framework */ = {isa = PBXFileReference; lastKnownFileType = wrapper.framework; path = Realm.framework; sourceTree = "<group>"; };
		21AC739A1C5193D300C81D68 /* RealmSwift.framework */ = {isa = PBXFileReference; lastKnownFileType = wrapper.framework; path = RealmSwift.framework; sourceTree = "<group>"; };
		21AC73A01C51964800C81D68 /* DataModel.swift */ = {isa = PBXFileReference; fileEncoding = 4; lastKnownFileType = sourcecode.swift; name = DataModel.swift; path = Model/DataModel.swift; sourceTree = "<group>"; };
		21FFED221C487CEE006F294F /* Bounce.app */ = {isa = PBXFileReference; explicitFileType = wrapper.application; includeInIndex = 0; path = Bounce.app; sourceTree = BUILT_PRODUCTS_DIR; };
		21FFED251C487CEE006F294F /* AppDelegate.swift */ = {isa = PBXFileReference; lastKnownFileType = sourcecode.swift; path = AppDelegate.swift; sourceTree = "<group>"; };
		21FFED2A1C487CEE006F294F /* Base */ = {isa = PBXFileReference; lastKnownFileType = file.storyboard; name = Base; path = Base.lproj/Main.storyboard; sourceTree = "<group>"; };
		21FFED2C1C487CEE006F294F /* Assets.xcassets */ = {isa = PBXFileReference; lastKnownFileType = folder.assetcatalog; path = Assets.xcassets; sourceTree = "<group>"; };
		21FFED2F1C487CEE006F294F /* Base */ = {isa = PBXFileReference; lastKnownFileType = file.storyboard; name = Base; path = Base.lproj/LaunchScreen.storyboard; sourceTree = "<group>"; };
		21FFED311C487CEE006F294F /* Info.plist */ = {isa = PBXFileReference; lastKnownFileType = text.plist.xml; path = Info.plist; sourceTree = "<group>"; };
		21FFED361C487CEE006F294F /* BounceTests.xctest */ = {isa = PBXFileReference; explicitFileType = wrapper.cfbundle; includeInIndex = 0; path = BounceTests.xctest; sourceTree = BUILT_PRODUCTS_DIR; };
		21FFED3A1C487CEE006F294F /* BounceTests.swift */ = {isa = PBXFileReference; lastKnownFileType = sourcecode.swift; path = BounceTests.swift; sourceTree = "<group>"; };
		21FFED3C1C487CEE006F294F /* Info.plist */ = {isa = PBXFileReference; lastKnownFileType = text.plist.xml; path = Info.plist; sourceTree = "<group>"; };
		21FFED411C487CEE006F294F /* BounceUITests.xctest */ = {isa = PBXFileReference; explicitFileType = wrapper.cfbundle; includeInIndex = 0; path = BounceUITests.xctest; sourceTree = BUILT_PRODUCTS_DIR; };
		21FFED451C487CEE006F294F /* BounceUITests.swift */ = {isa = PBXFileReference; lastKnownFileType = sourcecode.swift; path = BounceUITests.swift; sourceTree = "<group>"; };
		21FFED471C487CEE006F294F /* Info.plist */ = {isa = PBXFileReference; lastKnownFileType = text.plist.xml; path = Info.plist; sourceTree = "<group>"; };
		21FFED531C487F5F006F294F /* ParseFetcher.swift */ = {isa = PBXFileReference; fileEncoding = 4; lastKnownFileType = sourcecode.swift; name = ParseFetcher.swift; path = Model/ParseFetcher.swift; sourceTree = "<group>"; };
		21FFED561C4884EE006F294F /* LocationFetcher.swift */ = {isa = PBXFileReference; fileEncoding = 4; lastKnownFileType = sourcecode.swift; name = LocationFetcher.swift; path = Model/LocationFetcher.swift; sourceTree = "<group>"; };
		21FFED5A1C488617006F294F /* MapVC.swift */ = {isa = PBXFileReference; fileEncoding = 4; lastKnownFileType = sourcecode.swift; name = MapVC.swift; path = "View Controllers/MapVC.swift"; sourceTree = "<group>"; };
		21FFED5C1C488689006F294F /* MapKit.framework */ = {isa = PBXFileReference; lastKnownFileType = wrapper.framework; name = MapKit.framework; path = System/Library/Frameworks/MapKit.framework; sourceTree = SDKROOT; };
		21FFED5F1C4AA325006F294F /* Proposer.swift */ = {isa = PBXFileReference; fileEncoding = 4; lastKnownFileType = sourcecode.swift; path = Proposer.swift; sourceTree = "<group>"; };
		21FFED611C4AAAC4006F294F /* PostVC.swift */ = {isa = PBXFileReference; fileEncoding = 4; lastKnownFileType = sourcecode.swift; name = PostVC.swift; path = "View Controllers/PostVC.swift"; sourceTree = "<group>"; };
		21FFED631C4AAB78006F294F /* Post.swift */ = {isa = PBXFileReference; fileEncoding = 4; lastKnownFileType = sourcecode.swift; name = Post.swift; path = Model/Post.swift; sourceTree = "<group>"; };
/* End PBXFileReference section */

/* Begin PBXFrameworksBuildPhase section */
		21FFED1F1C487CEE006F294F /* Frameworks */ = {
			isa = PBXFrameworksBuildPhase;
			buildActionMask = 2147483647;
			files = (
				21970FDE1C4DD4FA00048B54 /* libsqlite3.tbd in Frameworks */,
				21970FDC1C4DD4F100048B54 /* libz.tbd in Frameworks */,
				21970FDA1C4DD4E800048B54 /* SystemConfiguration.framework in Frameworks */,
				21970FD81C4DD4D900048B54 /* StoreKit.framework in Frameworks */,
				21AC739B1C5193D300C81D68 /* Realm.framework in Frameworks */,
				21970FD61C4DD4CE00048B54 /* Security.framework in Frameworks */,
				21970FD41C4DD4C700048B54 /* QuartzCore.framework in Frameworks */,
				21970FD21C4DD4BF00048B54 /* CoreLocation.framework in Frameworks */,
				21970FD01C4DD4B400048B54 /* CoreGraphics.framework in Frameworks */,
				21970FCE1C4DD4AF00048B54 /* CFNetwork.framework in Frameworks */,
				21970FCC1C4DD4A000048B54 /* AudioToolbox.framework in Frameworks */,
				21AC739D1C5193D300C81D68 /* RealmSwift.framework in Frameworks */,
				21FFED5D1C488689006F294F /* MapKit.framework in Frameworks */,
				21970FCA1C4DD42800048B54 /* Parse.framework in Frameworks */,
				21970FC91C4DD42800048B54 /* Bolts.framework in Frameworks */,
			);
			runOnlyForDeploymentPostprocessing = 0;
		};
		21FFED331C487CEE006F294F /* Frameworks */ = {
			isa = PBXFrameworksBuildPhase;
			buildActionMask = 2147483647;
			files = (
			);
			runOnlyForDeploymentPostprocessing = 0;
		};
		21FFED3E1C487CEE006F294F /* Frameworks */ = {
			isa = PBXFrameworksBuildPhase;
			buildActionMask = 2147483647;
			files = (
			);
			runOnlyForDeploymentPostprocessing = 0;
		};
/* End PBXFrameworksBuildPhase section */

/* Begin PBXGroup section */
		21970FC21C4DA44D00048B54 /* 3rd Party Models */ = {
			isa = PBXGroup;
			children = (
				21FFED5F1C4AA325006F294F /* Proposer.swift */,
				21970FC01C4DA44900048B54 /* SwiftyJSON.swift */,
			);
			name = "3rd Party Models";
			sourceTree = "<group>";
		};
		21FFED191C487CEE006F294F = {
			isa = PBXGroup;
			children = (
				21FFED241C487CEE006F294F /* Bounce */,
				21FFED391C487CEE006F294F /* BounceTests */,
				21FFED441C487CEE006F294F /* BounceUITests */,
				21FFED231C487CEE006F294F /* Products */,
				21FFED5E1C4888B7006F294F /* Frameworks */,
			);
			sourceTree = "<group>";
		};
		21FFED231C487CEE006F294F /* Products */ = {
			isa = PBXGroup;
			children = (
				21FFED221C487CEE006F294F /* Bounce.app */,
				21FFED361C487CEE006F294F /* BounceTests.xctest */,
				21FFED411C487CEE006F294F /* BounceUITests.xctest */,
			);
			name = Products;
			sourceTree = "<group>";
		};
		21FFED241C487CEE006F294F /* Bounce */ = {
			isa = PBXGroup;
			children = (
				21FFED291C487CEE006F294F /* Main.storyboard */,
				21FFED5A1C488617006F294F /* MapVC.swift */,
				210641801C585DDF00DFF326 /* PlaceVC.swift */,
				21FFED611C4AAAC4006F294F /* PostVC.swift */,
				21092A981C4B39FA0087BDE9 /* CameraVC.swift */,
				21970FC51C4DB03300048B54 /* NearbyPlacesTVC.swift */,
				21FFED551C487F62006F294F /* Model */,
				21FFED2C1C487CEE006F294F /* Assets.xcassets */,
				21FFED2E1C487CEE006F294F /* LaunchScreen.storyboard */,
				21FFED311C487CEE006F294F /* Info.plist */,
				21FFED251C487CEE006F294F /* AppDelegate.swift */,
			);
			path = Bounce;
			sourceTree = "<group>";
		};
		21FFED391C487CEE006F294F /* BounceTests */ = {
			isa = PBXGroup;
			children = (
				21FFED3A1C487CEE006F294F /* BounceTests.swift */,
				21FFED3C1C487CEE006F294F /* Info.plist */,
			);
			path = BounceTests;
			sourceTree = "<group>";
		};
		21FFED441C487CEE006F294F /* BounceUITests */ = {
			isa = PBXGroup;
			children = (
				21FFED451C487CEE006F294F /* BounceUITests.swift */,
				21FFED471C487CEE006F294F /* Info.plist */,
			);
			path = BounceUITests;
			sourceTree = "<group>";
		};
		21FFED551C487F62006F294F /* Model */ = {
			isa = PBXGroup;
			children = (
				21970FDF1C4EFF5600048B54 /* BounceConstants.swift */,
				21FFED631C4AAB78006F294F /* Post.swift */,
				21970FC31C4DA76E00048B54 /* Place.swift */,
				21AC73A01C51964800C81D68 /* DataModel.swift */,
				21FFED531C487F5F006F294F /* ParseFetcher.swift */,
				21FFED561C4884EE006F294F /* LocationFetcher.swift */,
				2106417E1C56E41E00DFF326 /* BounceAnnotation.swift */,
				21970FC21C4DA44D00048B54 /* 3rd Party Models */,
			);
			name = Model;
			sourceTree = "<group>";
		};
		21FFED5E1C4888B7006F294F /* Frameworks */ = {
			isa = PBXGroup;
			children = (
				21AC73991C5193D300C81D68 /* Realm.framework */,
				21AC739A1C5193D300C81D68 /* RealmSwift.framework */,
				21970FDD1C4DD4FA00048B54 /* libsqlite3.tbd */,
				21970FDB1C4DD4F100048B54 /* libz.tbd */,
				21970FD91C4DD4E800048B54 /* SystemConfiguration.framework */,
				21970FD71C4DD4D900048B54 /* StoreKit.framework */,
				21970FD51C4DD4CE00048B54 /* Security.framework */,
				21970FD31C4DD4C700048B54 /* QuartzCore.framework */,
				21970FD11C4DD4BF00048B54 /* CoreLocation.framework */,
				21970FCF1C4DD4B400048B54 /* CoreGraphics.framework */,
				21970FCD1C4DD4AF00048B54 /* CFNetwork.framework */,
				21970FCB1C4DD4A000048B54 /* AudioToolbox.framework */,
				21970FC71C4DD42800048B54 /* Bolts.framework */,
				21970FC81C4DD42800048B54 /* Parse.framework */,
				21FFED5C1C488689006F294F /* MapKit.framework */,
			);
			name = Frameworks;
			sourceTree = "<group>";
		};
/* End PBXGroup section */

/* Begin PBXNativeTarget section */
		21FFED211C487CEE006F294F /* Bounce */ = {
			isa = PBXNativeTarget;
			buildConfigurationList = 21FFED4A1C487CEE006F294F /* Build configuration list for PBXNativeTarget "Bounce" */;
			buildPhases = (
				21FFED1E1C487CEE006F294F /* Sources */,
				21FFED1F1C487CEE006F294F /* Frameworks */,
				21FFED201C487CEE006F294F /* Resources */,
				21AC739F1C5193D300C81D68 /* Embed Frameworks */,
			);
			buildRules = (
			);
			dependencies = (
			);
			name = Bounce;
			productName = Bounce;
			productReference = 21FFED221C487CEE006F294F /* Bounce.app */;
			productType = "com.apple.product-type.application";
		};
		21FFED351C487CEE006F294F /* BounceTests */ = {
			isa = PBXNativeTarget;
			buildConfigurationList = 21FFED4D1C487CEE006F294F /* Build configuration list for PBXNativeTarget "BounceTests" */;
			buildPhases = (
				21FFED321C487CEE006F294F /* Sources */,
				21FFED331C487CEE006F294F /* Frameworks */,
				21FFED341C487CEE006F294F /* Resources */,
			);
			buildRules = (
			);
			dependencies = (
				21FFED381C487CEE006F294F /* PBXTargetDependency */,
			);
			name = BounceTests;
			productName = BounceTests;
			productReference = 21FFED361C487CEE006F294F /* BounceTests.xctest */;
			productType = "com.apple.product-type.bundle.unit-test";
		};
		21FFED401C487CEE006F294F /* BounceUITests */ = {
			isa = PBXNativeTarget;
			buildConfigurationList = 21FFED501C487CEE006F294F /* Build configuration list for PBXNativeTarget "BounceUITests" */;
			buildPhases = (
				21FFED3D1C487CEE006F294F /* Sources */,
				21FFED3E1C487CEE006F294F /* Frameworks */,
				21FFED3F1C487CEE006F294F /* Resources */,
			);
			buildRules = (
			);
			dependencies = (
				21FFED431C487CEE006F294F /* PBXTargetDependency */,
			);
			name = BounceUITests;
			productName = BounceUITests;
			productReference = 21FFED411C487CEE006F294F /* BounceUITests.xctest */;
			productType = "com.apple.product-type.bundle.ui-testing";
		};
/* End PBXNativeTarget section */

/* Begin PBXProject section */
		21FFED1A1C487CEE006F294F /* Project object */ = {
			isa = PBXProject;
			attributes = {
				LastSwiftUpdateCheck = 0720;
				LastUpgradeCheck = 0720;
				ORGANIZATIONNAME = "Andrew Roach";
				TargetAttributes = {
					21FFED211C487CEE006F294F = {
						CreatedOnToolsVersion = 7.2;
						SystemCapabilities = {
							com.apple.Maps.iOS = {
								enabled = 1;
							};
						};
					};
					21FFED351C487CEE006F294F = {
						CreatedOnToolsVersion = 7.2;
						TestTargetID = 21FFED211C487CEE006F294F;
					};
					21FFED401C487CEE006F294F = {
						CreatedOnToolsVersion = 7.2;
						TestTargetID = 21FFED211C487CEE006F294F;
					};
				};
			};
			buildConfigurationList = 21FFED1D1C487CEE006F294F /* Build configuration list for PBXProject "Bounce" */;
			compatibilityVersion = "Xcode 3.2";
			developmentRegion = English;
			hasScannedForEncodings = 0;
			knownRegions = (
				en,
				Base,
			);
			mainGroup = 21FFED191C487CEE006F294F;
			productRefGroup = 21FFED231C487CEE006F294F /* Products */;
			projectDirPath = "";
			projectRoot = "";
			targets = (
				21FFED211C487CEE006F294F /* Bounce */,
				21FFED351C487CEE006F294F /* BounceTests */,
				21FFED401C487CEE006F294F /* BounceUITests */,
			);
		};
/* End PBXProject section */

/* Begin PBXResourcesBuildPhase section */
		21FFED201C487CEE006F294F /* Resources */ = {
			isa = PBXResourcesBuildPhase;
			buildActionMask = 2147483647;
			files = (
				21FFED301C487CEE006F294F /* LaunchScreen.storyboard in Resources */,
				21FFED2D1C487CEE006F294F /* Assets.xcassets in Resources */,
				21FFED2B1C487CEE006F294F /* Main.storyboard in Resources */,
			);
			runOnlyForDeploymentPostprocessing = 0;
		};
		21FFED341C487CEE006F294F /* Resources */ = {
			isa = PBXResourcesBuildPhase;
			buildActionMask = 2147483647;
			files = (
			);
			runOnlyForDeploymentPostprocessing = 0;
		};
		21FFED3F1C487CEE006F294F /* Resources */ = {
			isa = PBXResourcesBuildPhase;
			buildActionMask = 2147483647;
			files = (
			);
			runOnlyForDeploymentPostprocessing = 0;
		};
/* End PBXResourcesBuildPhase section */

/* Begin PBXSourcesBuildPhase section */
		21FFED1E1C487CEE006F294F /* Sources */ = {
			isa = PBXSourcesBuildPhase;
			buildActionMask = 2147483647;
			files = (
				21FFED621C4AAAC4006F294F /* PostVC.swift in Sources */,
				21970FE01C4EFF5600048B54 /* BounceConstants.swift in Sources */,
				21FFED541C487F5F006F294F /* ParseFetcher.swift in Sources */,
				210641811C585DDF00DFF326 /* PlaceVC.swift in Sources */,
				21970FC61C4DB03300048B54 /* NearbyPlacesTVC.swift in Sources */,
				21FFED601C4AA325006F294F /* Proposer.swift in Sources */,
				21092A991C4B39FA0087BDE9 /* CameraVC.swift in Sources */,
				21AC73A11C51964800C81D68 /* DataModel.swift in Sources */,
				21FFED5B1C488617006F294F /* MapVC.swift in Sources */,
				2106417F1C56E41E00DFF326 /* BounceAnnotation.swift in Sources */,
				21FFED571C4884EE006F294F /* LocationFetcher.swift in Sources */,
				21970FC11C4DA44900048B54 /* SwiftyJSON.swift in Sources */,
				21FFED641C4AAB78006F294F /* Post.swift in Sources */,
				21FFED261C487CEE006F294F /* AppDelegate.swift in Sources */,
				21970FC41C4DA76E00048B54 /* Place.swift in Sources */,
			);
			runOnlyForDeploymentPostprocessing = 0;
		};
		21FFED321C487CEE006F294F /* Sources */ = {
			isa = PBXSourcesBuildPhase;
			buildActionMask = 2147483647;
			files = (
				21FFED3B1C487CEE006F294F /* BounceTests.swift in Sources */,
			);
			runOnlyForDeploymentPostprocessing = 0;
		};
		21FFED3D1C487CEE006F294F /* Sources */ = {
			isa = PBXSourcesBuildPhase;
			buildActionMask = 2147483647;
			files = (
				21FFED461C487CEE006F294F /* BounceUITests.swift in Sources */,
			);
			runOnlyForDeploymentPostprocessing = 0;
		};
/* End PBXSourcesBuildPhase section */

/* Begin PBXTargetDependency section */
		21FFED381C487CEE006F294F /* PBXTargetDependency */ = {
			isa = PBXTargetDependency;
			target = 21FFED211C487CEE006F294F /* Bounce */;
			targetProxy = 21FFED371C487CEE006F294F /* PBXContainerItemProxy */;
		};
		21FFED431C487CEE006F294F /* PBXTargetDependency */ = {
			isa = PBXTargetDependency;
			target = 21FFED211C487CEE006F294F /* Bounce */;
			targetProxy = 21FFED421C487CEE006F294F /* PBXContainerItemProxy */;
		};
/* End PBXTargetDependency section */

/* Begin PBXVariantGroup section */
		21FFED291C487CEE006F294F /* Main.storyboard */ = {
			isa = PBXVariantGroup;
			children = (
				21FFED2A1C487CEE006F294F /* Base */,
			);
			name = Main.storyboard;
			sourceTree = "<group>";
		};
		21FFED2E1C487CEE006F294F /* LaunchScreen.storyboard */ = {
			isa = PBXVariantGroup;
			children = (
				21FFED2F1C487CEE006F294F /* Base */,
			);
			name = LaunchScreen.storyboard;
			sourceTree = "<group>";
		};
/* End PBXVariantGroup section */

/* Begin XCBuildConfiguration section */
		21FFED481C487CEE006F294F /* Debug */ = {
			isa = XCBuildConfiguration;
			buildSettings = {
				ALWAYS_SEARCH_USER_PATHS = NO;
				CLANG_CXX_LANGUAGE_STANDARD = "gnu++0x";
				CLANG_CXX_LIBRARY = "libc++";
				CLANG_ENABLE_MODULES = YES;
				CLANG_ENABLE_OBJC_ARC = YES;
				CLANG_WARN_BOOL_CONVERSION = YES;
				CLANG_WARN_CONSTANT_CONVERSION = YES;
				CLANG_WARN_DIRECT_OBJC_ISA_USAGE = YES_ERROR;
				CLANG_WARN_EMPTY_BODY = YES;
				CLANG_WARN_ENUM_CONVERSION = YES;
				CLANG_WARN_INT_CONVERSION = YES;
				CLANG_WARN_OBJC_ROOT_CLASS = YES_ERROR;
				CLANG_WARN_UNREACHABLE_CODE = YES;
				CLANG_WARN__DUPLICATE_METHOD_MATCH = YES;
				"CODE_SIGN_IDENTITY[sdk=iphoneos*]" = "iPhone Developer";
				COPY_PHASE_STRIP = NO;
				DEBUG_INFORMATION_FORMAT = dwarf;
				ENABLE_STRICT_OBJC_MSGSEND = YES;
				ENABLE_TESTABILITY = YES;
				GCC_C_LANGUAGE_STANDARD = gnu99;
				GCC_DYNAMIC_NO_PIC = NO;
				GCC_NO_COMMON_BLOCKS = YES;
				GCC_OPTIMIZATION_LEVEL = 0;
				GCC_PREPROCESSOR_DEFINITIONS = (
					"DEBUG=1",
					"$(inherited)",
				);
				GCC_WARN_64_TO_32_BIT_CONVERSION = YES;
				GCC_WARN_ABOUT_RETURN_TYPE = YES_ERROR;
				GCC_WARN_UNDECLARED_SELECTOR = YES;
				GCC_WARN_UNINITIALIZED_AUTOS = YES_AGGRESSIVE;
				GCC_WARN_UNUSED_FUNCTION = YES;
				GCC_WARN_UNUSED_VARIABLE = YES;
				IPHONEOS_DEPLOYMENT_TARGET = 9.2;
				MTL_ENABLE_DEBUG_INFO = YES;
				ONLY_ACTIVE_ARCH = YES;
				SDKROOT = iphoneos;
				SWIFT_OPTIMIZATION_LEVEL = "-Onone";
			};
			name = Debug;
		};
		21FFED491C487CEE006F294F /* Release */ = {
			isa = XCBuildConfiguration;
			buildSettings = {
				ALWAYS_SEARCH_USER_PATHS = NO;
				CLANG_CXX_LANGUAGE_STANDARD = "gnu++0x";
				CLANG_CXX_LIBRARY = "libc++";
				CLANG_ENABLE_MODULES = YES;
				CLANG_ENABLE_OBJC_ARC = YES;
				CLANG_WARN_BOOL_CONVERSION = YES;
				CLANG_WARN_CONSTANT_CONVERSION = YES;
				CLANG_WARN_DIRECT_OBJC_ISA_USAGE = YES_ERROR;
				CLANG_WARN_EMPTY_BODY = YES;
				CLANG_WARN_ENUM_CONVERSION = YES;
				CLANG_WARN_INT_CONVERSION = YES;
				CLANG_WARN_OBJC_ROOT_CLASS = YES_ERROR;
				CLANG_WARN_UNREACHABLE_CODE = YES;
				CLANG_WARN__DUPLICATE_METHOD_MATCH = YES;
				"CODE_SIGN_IDENTITY[sdk=iphoneos*]" = "iPhone Developer";
				COPY_PHASE_STRIP = NO;
				DEBUG_INFORMATION_FORMAT = "dwarf-with-dsym";
				ENABLE_NS_ASSERTIONS = NO;
				ENABLE_STRICT_OBJC_MSGSEND = YES;
				GCC_C_LANGUAGE_STANDARD = gnu99;
				GCC_NO_COMMON_BLOCKS = YES;
				GCC_WARN_64_TO_32_BIT_CONVERSION = YES;
				GCC_WARN_ABOUT_RETURN_TYPE = YES_ERROR;
				GCC_WARN_UNDECLARED_SELECTOR = YES;
				GCC_WARN_UNINITIALIZED_AUTOS = YES_AGGRESSIVE;
				GCC_WARN_UNUSED_FUNCTION = YES;
				GCC_WARN_UNUSED_VARIABLE = YES;
				IPHONEOS_DEPLOYMENT_TARGET = 9.2;
				MTL_ENABLE_DEBUG_INFO = NO;
				SDKROOT = iphoneos;
				VALIDATE_PRODUCT = YES;
			};
			name = Release;
		};
		21FFED4B1C487CEE006F294F /* Debug */ = {
			isa = XCBuildConfiguration;
			buildSettings = {
				ASSETCATALOG_COMPILER_APPICON_NAME = AppIcon;
				FRAMEWORK_SEARCH_PATHS = (
					"$(inherited)",
					"$(PROJECT_DIR)",
				);
				INFOPLIST_FILE = Bounce/Info.plist;
				LD_RUNPATH_SEARCH_PATHS = "$(inherited) @executable_path/Frameworks";
				PRODUCT_BUNDLE_IDENTIFIER = awesomeApps.Bounce;
				PRODUCT_NAME = "$(TARGET_NAME)";
			};
			name = Debug;
		};
		21FFED4C1C487CEE006F294F /* Release */ = {
			isa = XCBuildConfiguration;
			buildSettings = {
				ASSETCATALOG_COMPILER_APPICON_NAME = AppIcon;
				FRAMEWORK_SEARCH_PATHS = (
					"$(inherited)",
					"$(PROJECT_DIR)",
				);
				INFOPLIST_FILE = Bounce/Info.plist;
				LD_RUNPATH_SEARCH_PATHS = "$(inherited) @executable_path/Frameworks";
				PRODUCT_BUNDLE_IDENTIFIER = awesomeApps.Bounce;
				PRODUCT_NAME = "$(TARGET_NAME)";
			};
			name = Release;
		};
		21FFED4E1C487CEE006F294F /* Debug */ = {
			isa = XCBuildConfiguration;
			buildSettings = {
				BUNDLE_LOADER = "$(TEST_HOST)";
				INFOPLIST_FILE = BounceTests/Info.plist;
				LD_RUNPATH_SEARCH_PATHS = "$(inherited) @executable_path/Frameworks @loader_path/Frameworks";
				PRODUCT_BUNDLE_IDENTIFIER = awesomeApps.BounceTests;
				PRODUCT_NAME = "$(TARGET_NAME)";
				TEST_HOST = "$(BUILT_PRODUCTS_DIR)/Bounce.app/Bounce";
			};
			name = Debug;
		};
		21FFED4F1C487CEE006F294F /* Release */ = {
			isa = XCBuildConfiguration;
			buildSettings = {
				BUNDLE_LOADER = "$(TEST_HOST)";
				INFOPLIST_FILE = BounceTests/Info.plist;
				LD_RUNPATH_SEARCH_PATHS = "$(inherited) @executable_path/Frameworks @loader_path/Frameworks";
				PRODUCT_BUNDLE_IDENTIFIER = awesomeApps.BounceTests;
				PRODUCT_NAME = "$(TARGET_NAME)";
				TEST_HOST = "$(BUILT_PRODUCTS_DIR)/Bounce.app/Bounce";
			};
			name = Release;
		};
		21FFED511C487CEE006F294F /* Debug */ = {
			isa = XCBuildConfiguration;
			buildSettings = {
				"CODE_SIGN_ENTITLEMENTS[sdk=*]" = "";
				CODE_SIGN_IDENTITY = "iPhone Developer";
				INFOPLIST_FILE = BounceUITests/Info.plist;
				LD_RUNPATH_SEARCH_PATHS = "$(inherited) @executable_path/Frameworks @loader_path/Frameworks";
				PRODUCT_BUNDLE_IDENTIFIER = awesomeApps.BounceUITests;
				PRODUCT_NAME = "$(TARGET_NAME)";
				TEST_TARGET_NAME = Bounce;
				USES_XCTRUNNER = YES;
			};
			name = Debug;
		};
		21FFED521C487CEE006F294F /* Release */ = {
			isa = XCBuildConfiguration;
			buildSettings = {
				"CODE_SIGN_ENTITLEMENTS[sdk=*]" = "";
				INFOPLIST_FILE = BounceUITests/Info.plist;
				LD_RUNPATH_SEARCH_PATHS = "$(inherited) @executable_path/Frameworks @loader_path/Frameworks";
				PRODUCT_BUNDLE_IDENTIFIER = awesomeApps.BounceUITests;
				PRODUCT_NAME = "$(TARGET_NAME)";
				TEST_TARGET_NAME = Bounce;
				USES_XCTRUNNER = YES;
			};
			name = Release;
		};
/* End XCBuildConfiguration section */

/* Begin XCConfigurationList section */
		21FFED1D1C487CEE006F294F /* Build configuration list for PBXProject "Bounce" */ = {
			isa = XCConfigurationList;
			buildConfigurations = (
				21FFED481C487CEE006F294F /* Debug */,
				21FFED491C487CEE006F294F /* Release */,
			);
			defaultConfigurationIsVisible = 0;
			defaultConfigurationName = Release;
		};
		21FFED4A1C487CEE006F294F /* Build configuration list for PBXNativeTarget "Bounce" */ = {
			isa = XCConfigurationList;
			buildConfigurations = (
				21FFED4B1C487CEE006F294F /* Debug */,
				21FFED4C1C487CEE006F294F /* Release */,
			);
			defaultConfigurationIsVisible = 0;
			defaultConfigurationName = Release;
		};
		21FFED4D1C487CEE006F294F /* Build configuration list for PBXNativeTarget "BounceTests" */ = {
			isa = XCConfigurationList;
			buildConfigurations = (
				21FFED4E1C487CEE006F294F /* Debug */,
				21FFED4F1C487CEE006F294F /* Release */,
			);
			defaultConfigurationIsVisible = 0;
			defaultConfigurationName = Release;
		};
		21FFED501C487CEE006F294F /* Build configuration list for PBXNativeTarget "BounceUITests" */ = {
			isa = XCConfigurationList;
			buildConfigurations = (
				21FFED511C487CEE006F294F /* Debug */,
				21FFED521C487CEE006F294F /* Release */,
			);
			defaultConfigurationIsVisible = 0;
			defaultConfigurationName = Release;
		};
/* End XCConfigurationList section */
	};
	rootObject = 21FFED1A1C487CEE006F294F /* Project object */;
}
