<?xml version="1.0" encoding="UTF-8"?>
<!DOCTYPE plist PUBLIC "-//Apple//DTD PLIST 1.0//EN" "http://www.apple.com/DTDs/PropertyList-1.0.dtd">
<plist version="1.0">
<dict>
	<key>archiveVersion</key>
	<string>1</string>
	<key>classes</key>
	<dict/>
	<key>objectVersion</key>
	<string>46</string>
	<key>objects</key>
	<dict>
		<key>0EC36282F191544BA7F4A271</key>
		<dict>
			<key>includeInIndex</key>
			<string>1</string>
			<key>isa</key>
			<string>PBXFileReference</string>
			<key>lastKnownFileType</key>
			<string>text.xcconfig</string>
			<key>name</key>
			<string>Pods-Bounce.debug.xcconfig</string>
			<key>path</key>
			<string>Pods/Target Support Files/Pods-Bounce/Pods-Bounce.debug.xcconfig</string>
			<key>sourceTree</key>
			<string>&lt;group&gt;</string>
		</dict>
		<key>2106417E1C56E41E00DFF326</key>
		<dict>
			<key>fileEncoding</key>
			<string>4</string>
			<key>isa</key>
			<string>PBXFileReference</string>
			<key>lastKnownFileType</key>
			<string>sourcecode.swift</string>
			<key>name</key>
			<string>BounceAnnotation.swift</string>
			<key>path</key>
			<string>Model/BounceAnnotation.swift</string>
			<key>sourceTree</key>
			<string>&lt;group&gt;</string>
		</dict>
		<key>2106417F1C56E41E00DFF326</key>
		<dict>
			<key>fileRef</key>
			<string>2106417E1C56E41E00DFF326</string>
			<key>isa</key>
			<string>PBXBuildFile</string>
		</dict>
		<key>210641801C585DDF00DFF326</key>
		<dict>
			<key>fileEncoding</key>
			<string>4</string>
			<key>isa</key>
			<string>PBXFileReference</string>
			<key>lastKnownFileType</key>
			<string>sourcecode.swift</string>
			<key>name</key>
			<string>PlaceVC.swift</string>
			<key>path</key>
			<string>View Controllers/PlaceVC.swift</string>
			<key>sourceTree</key>
			<string>&lt;group&gt;</string>
		</dict>
		<key>210641811C585DDF00DFF326</key>
		<dict>
			<key>fileRef</key>
			<string>210641801C585DDF00DFF326</string>
			<key>isa</key>
			<string>PBXBuildFile</string>
		</dict>
		<key>21092A981C4B39FA0087BDE9</key>
		<dict>
			<key>fileEncoding</key>
			<string>4</string>
			<key>isa</key>
			<string>PBXFileReference</string>
			<key>lastKnownFileType</key>
			<string>sourcecode.swift</string>
			<key>name</key>
			<string>CameraVC.swift</string>
			<key>path</key>
			<string>View Controllers/CameraVC.swift</string>
			<key>sourceTree</key>
			<string>&lt;group&gt;</string>
		</dict>
		<key>21092A991C4B39FA0087BDE9</key>
		<dict>
			<key>fileRef</key>
			<string>21092A981C4B39FA0087BDE9</string>
			<key>isa</key>
			<string>PBXBuildFile</string>
		</dict>
		<key>2114B4291C59890F0002C930</key>
		<dict>
			<key>fileEncoding</key>
			<string>4</string>
			<key>isa</key>
			<string>PBXFileReference</string>
			<key>lastKnownFileType</key>
			<string>sourcecode.swift</string>
			<key>path</key>
			<string>PlaceTableViewCell.swift</string>
			<key>sourceTree</key>
			<string>&lt;group&gt;</string>
		</dict>
		<key>2114B42A1C59890F0002C930</key>
		<dict>
			<key>fileRef</key>
			<string>2114B4291C59890F0002C930</string>
			<key>isa</key>
			<string>PBXBuildFile</string>
		</dict>
		<key>2114B42D1C5E69590002C930</key>
		<dict>
			<key>fileEncoding</key>
			<string>4</string>
			<key>isa</key>
			<string>PBXFileReference</string>
			<key>lastKnownFileType</key>
			<string>sourcecode.swift</string>
			<key>name</key>
			<string>ImageConfigurer.swift</string>
			<key>path</key>
			<string>Model/ImageConfigurer.swift</string>
			<key>sourceTree</key>
			<string>&lt;group&gt;</string>
		</dict>
		<key>2114B42E1C5E69590002C930</key>
		<dict>
			<key>fileRef</key>
			<string>2114B42D1C5E69590002C930</string>
			<key>isa</key>
			<string>PBXBuildFile</string>
		</dict>
		<key>2114B44F1C616ECB0002C930</key>
		<dict>
			<key>isa</key>
			<string>PBXFileReference</string>
			<key>lastKnownFileType</key>
			<string>wrapper.framework</string>
			<key>name</key>
			<string>Bolts.framework</string>
			<key>path</key>
			<string>Bounce/Bolts.framework</string>
			<key>sourceTree</key>
			<string>&lt;group&gt;</string>
		</dict>
		<key>2114B4501C616ECB0002C930</key>
		<dict>
			<key>isa</key>
			<string>PBXFileReference</string>
			<key>lastKnownFileType</key>
			<string>wrapper.framework</string>
			<key>name</key>
			<string>Parse.framework</string>
			<key>path</key>
			<string>Bounce/Parse.framework</string>
			<key>sourceTree</key>
			<string>&lt;group&gt;</string>
		</dict>
		<key>2114B4541C616ECB0002C930</key>
		<dict>
			<key>fileRef</key>
			<string>2114B4501C616ECB0002C930</string>
			<key>isa</key>
			<string>PBXBuildFile</string>
		</dict>
		<key>2114B4551C616F0C0002C930</key>
		<dict>
			<key>isa</key>
			<string>PBXFileReference</string>
			<key>lastKnownFileType</key>
			<string>wrapper.framework</string>
			<key>path</key>
			<string>ParseUI.framework</string>
			<key>sourceTree</key>
			<string>&lt;group&gt;</string>
		</dict>
		<key>2114B4561C616F0C0002C930</key>
		<dict>
			<key>fileRef</key>
			<string>2114B4551C616F0C0002C930</string>
			<key>isa</key>
			<string>PBXBuildFile</string>
		</dict>
		<key>2114B45A1C6170120002C930</key>
		<dict>
			<key>fileRef</key>
			<string>2114B4551C616F0C0002C930</string>
			<key>isa</key>
			<string>PBXBuildFile</string>
			<key>settings</key>
			<dict>
				<key>ATTRIBUTES</key>
				<array>
					<string>CodeSignOnCopy</string>
					<string>RemoveHeadersOnCopy</string>
				</array>
			</dict>
		</dict>
		<key>2114B45F1C6170120002C930</key>
		<dict>
			<key>fileRef</key>
			<string>2114B44F1C616ECB0002C930</string>
			<key>isa</key>
			<string>PBXBuildFile</string>
		</dict>
		<key>2114B4601C6170120002C930</key>
		<dict>
			<key>fileRef</key>
			<string>2114B44F1C616ECB0002C930</string>
			<key>isa</key>
			<string>PBXBuildFile</string>
			<key>settings</key>
			<dict>
				<key>ATTRIBUTES</key>
				<array>
					<string>CodeSignOnCopy</string>
					<string>RemoveHeadersOnCopy</string>
				</array>
			</dict>
		</dict>
		<key>2114B4621C6170120002C930</key>
		<dict>
			<key>fileRef</key>
			<string>2114B4501C616ECB0002C930</string>
			<key>isa</key>
			<string>PBXBuildFile</string>
			<key>settings</key>
			<dict>
				<key>ATTRIBUTES</key>
				<array>
					<string>CodeSignOnCopy</string>
					<string>RemoveHeadersOnCopy</string>
				</array>
			</dict>
		</dict>
		<key>211BC37B1C665DCD005A17AB</key>
		<dict>
			<key>isa</key>
			<string>PBXFileReference</string>
			<key>lastKnownFileType</key>
			<string>text.xml</string>
			<key>path</key>
			<string>Arlington.gpx</string>
			<key>sourceTree</key>
			<string>&lt;group&gt;</string>
		</dict>
		<key>2143299B1C7251BB00FB9B99</key>
		<dict>
			<key>isa</key>
			<string>PBXFileReference</string>
			<key>lastKnownFileType</key>
			<string>wrapper.framework</string>
			<key>path</key>
			<string>FBSDKLoginKit.framework</string>
			<key>sourceTree</key>
			<string>&lt;group&gt;</string>
		</dict>
		<key>2143299C1C7251BB00FB9B99</key>
		<dict>
			<key>isa</key>
			<string>PBXFileReference</string>
			<key>lastKnownFileType</key>
			<string>wrapper.framework</string>
			<key>path</key>
			<string>FBSDKShareKit.framework</string>
			<key>sourceTree</key>
			<string>&lt;group&gt;</string>
		</dict>
		<key>2143299D1C7251BB00FB9B99</key>
		<dict>
			<key>isa</key>
			<string>PBXFileReference</string>
			<key>lastKnownFileType</key>
			<string>wrapper.framework</string>
			<key>path</key>
			<string>FBSDKCoreKit.framework</string>
			<key>sourceTree</key>
			<string>&lt;group&gt;</string>
		</dict>
		<key>2143299E1C7251BB00FB9B99</key>
		<dict>
			<key>isa</key>
			<string>PBXFileReference</string>
			<key>lastKnownFileType</key>
			<string>wrapper.framework</string>
			<key>path</key>
			<string>Bolts.framework</string>
			<key>sourceTree</key>
			<string>&lt;group&gt;</string>
		</dict>
		<key>2143299F1C7251BB00FB9B99</key>
		<dict>
			<key>fileRef</key>
			<string>2143299B1C7251BB00FB9B99</string>
			<key>isa</key>
			<string>PBXBuildFile</string>
		</dict>
		<key>214329A01C7251BB00FB9B99</key>
		<dict>
			<key>fileRef</key>
			<string>2143299C1C7251BB00FB9B99</string>
			<key>isa</key>
			<string>PBXBuildFile</string>
		</dict>
		<key>214329A11C7251BB00FB9B99</key>
		<dict>
			<key>fileRef</key>
			<string>2143299D1C7251BB00FB9B99</string>
			<key>isa</key>
			<string>PBXBuildFile</string>
		</dict>
		<key>214329A21C7251BB00FB9B99</key>
		<dict>
			<key>fileRef</key>
			<string>2143299E1C7251BB00FB9B99</string>
			<key>isa</key>
			<string>PBXBuildFile</string>
		</dict>
		<key>214329A31C7254D200FB9B99</key>
		<dict>
			<key>fileEncoding</key>
			<string>4</string>
			<key>isa</key>
			<string>PBXFileReference</string>
			<key>lastKnownFileType</key>
			<string>sourcecode.swift</string>
			<key>name</key>
			<string>FBLoginVC.swift</string>
			<key>path</key>
			<string>View Controllers/FBLoginVC.swift</string>
			<key>sourceTree</key>
			<string>&lt;group&gt;</string>
		</dict>
		<key>214329A41C7254D200FB9B99</key>
		<dict>
			<key>fileRef</key>
			<string>214329A31C7254D200FB9B99</string>
			<key>isa</key>
			<string>PBXBuildFile</string>
		</dict>
		<key>214329A51C73F8C700FB9B99</key>
		<dict>
			<key>fileEncoding</key>
			<string>4</string>
			<key>isa</key>
			<string>PBXFileReference</string>
			<key>lastKnownFileType</key>
			<string>sourcecode.swift</string>
			<key>path</key>
			<string>User.swift</string>
			<key>sourceTree</key>
			<string>&lt;group&gt;</string>
		</dict>
		<key>214329A61C73F8C700FB9B99</key>
		<dict>
			<key>fileRef</key>
			<string>214329A51C73F8C700FB9B99</string>
			<key>isa</key>
			<string>PBXBuildFile</string>
		</dict>
		<key>214329A71C78EC8D00FB9B99</key>
		<dict>
			<key>fileEncoding</key>
			<string>4</string>
			<key>isa</key>
			<string>PBXFileReference</string>
			<key>lastKnownFileType</key>
			<string>sourcecode.swift</string>
			<key>name</key>
			<string>Friend.swift</string>
			<key>path</key>
			<string>Model/Friend.swift</string>
			<key>sourceTree</key>
			<string>&lt;group&gt;</string>
		</dict>
		<key>214329A81C78EC8D00FB9B99</key>
		<dict>
			<key>fileRef</key>
			<string>214329A71C78EC8D00FB9B99</string>
			<key>isa</key>
			<string>PBXBuildFile</string>
		</dict>
		<key>21432A8E1C7FD09900FB9B99</key>
		<dict>
			<key>fileEncoding</key>
			<string>4</string>
			<key>isa</key>
			<string>PBXFileReference</string>
			<key>lastKnownFileType</key>
			<string>sourcecode.swift</string>
			<key>name</key>
			<string>UserFetcher.swift</string>
			<key>path</key>
			<string>Model/UserFetcher.swift</string>
			<key>sourceTree</key>
			<string>&lt;group&gt;</string>
		</dict>
		<key>21432A8F1C7FD09900FB9B99</key>
		<dict>
			<key>fileRef</key>
			<string>21432A8E1C7FD09900FB9B99</string>
			<key>isa</key>
			<string>PBXBuildFile</string>
		</dict>
		<key>214583391CA4C81500318101</key>
		<dict>
			<key>isa</key>
			<string>PBXFileReference</string>
			<key>lastKnownFileType</key>
			<string>wrapper.framework</string>
			<key>path</key>
			<string>Realm.framework</string>
			<key>sourceTree</key>
			<string>&lt;group&gt;</string>
		</dict>
		<key>2145833A1CA4C81500318101</key>
		<dict>
			<key>isa</key>
			<string>PBXFileReference</string>
			<key>lastKnownFileType</key>
			<string>wrapper.framework</string>
			<key>path</key>
			<string>RealmSwift.framework</string>
			<key>sourceTree</key>
			<string>&lt;group&gt;</string>
		</dict>
		<key>2145833B1CA4C81500318101</key>
		<dict>
			<key>fileRef</key>
			<string>214583391CA4C81500318101</string>
			<key>isa</key>
			<string>PBXBuildFile</string>
		</dict>
		<key>2145833C1CA4C81500318101</key>
		<dict>
			<key>fileRef</key>
			<string>2145833A1CA4C81500318101</string>
			<key>isa</key>
			<string>PBXBuildFile</string>
		</dict>
		<key>21970FC01C4DA44900048B54</key>
		<dict>
			<key>fileEncoding</key>
			<string>4</string>
			<key>isa</key>
			<string>PBXFileReference</string>
			<key>lastKnownFileType</key>
			<string>sourcecode.swift</string>
			<key>path</key>
			<string>SwiftyJSON.swift</string>
			<key>sourceTree</key>
			<string>&lt;group&gt;</string>
		</dict>
		<key>21970FC11C4DA44900048B54</key>
		<dict>
			<key>fileRef</key>
			<string>21970FC01C4DA44900048B54</string>
			<key>isa</key>
			<string>PBXBuildFile</string>
		</dict>
		<key>21970FC21C4DA44D00048B54</key>
		<dict>
			<key>children</key>
			<array>
				<string>21FFED5F1C4AA325006F294F</string>
				<string>21970FC01C4DA44900048B54</string>
			</array>
			<key>isa</key>
			<string>PBXGroup</string>
			<key>name</key>
			<string>3rd Party Models</string>
			<key>sourceTree</key>
			<string>&lt;group&gt;</string>
		</dict>
		<key>21970FC31C4DA76E00048B54</key>
		<dict>
			<key>fileEncoding</key>
			<string>4</string>
			<key>isa</key>
			<string>PBXFileReference</string>
			<key>lastKnownFileType</key>
			<string>sourcecode.swift</string>
			<key>name</key>
			<string>Place.swift</string>
			<key>path</key>
			<string>Model/Place.swift</string>
			<key>sourceTree</key>
			<string>&lt;group&gt;</string>
		</dict>
		<key>21970FC41C4DA76E00048B54</key>
		<dict>
			<key>fileRef</key>
			<string>21970FC31C4DA76E00048B54</string>
			<key>isa</key>
			<string>PBXBuildFile</string>
		</dict>
		<key>21970FC51C4DB03300048B54</key>
		<dict>
			<key>fileEncoding</key>
			<string>4</string>
			<key>isa</key>
			<string>PBXFileReference</string>
			<key>lastKnownFileType</key>
			<string>sourcecode.swift</string>
			<key>name</key>
			<string>NearbyPlacesTVC.swift</string>
			<key>path</key>
			<string>View Controllers/NearbyPlacesTVC.swift</string>
			<key>sourceTree</key>
			<string>&lt;group&gt;</string>
		</dict>
		<key>21970FC61C4DB03300048B54</key>
		<dict>
			<key>fileRef</key>
			<string>21970FC51C4DB03300048B54</string>
			<key>isa</key>
			<string>PBXBuildFile</string>
		</dict>
		<key>21970FCB1C4DD4A000048B54</key>
		<dict>
			<key>isa</key>
			<string>PBXFileReference</string>
			<key>lastKnownFileType</key>
			<string>wrapper.framework</string>
			<key>name</key>
			<string>AudioToolbox.framework</string>
			<key>path</key>
			<string>System/Library/Frameworks/AudioToolbox.framework</string>
			<key>sourceTree</key>
			<string>SDKROOT</string>
		</dict>
		<key>21970FCC1C4DD4A000048B54</key>
		<dict>
			<key>fileRef</key>
			<string>21970FCB1C4DD4A000048B54</string>
			<key>isa</key>
			<string>PBXBuildFile</string>
		</dict>
		<key>21970FCD1C4DD4AF00048B54</key>
		<dict>
			<key>isa</key>
			<string>PBXFileReference</string>
			<key>lastKnownFileType</key>
			<string>wrapper.framework</string>
			<key>name</key>
			<string>CFNetwork.framework</string>
			<key>path</key>
			<string>System/Library/Frameworks/CFNetwork.framework</string>
			<key>sourceTree</key>
			<string>SDKROOT</string>
		</dict>
		<key>21970FCE1C4DD4AF00048B54</key>
		<dict>
			<key>fileRef</key>
			<string>21970FCD1C4DD4AF00048B54</string>
			<key>isa</key>
			<string>PBXBuildFile</string>
		</dict>
		<key>21970FCF1C4DD4B400048B54</key>
		<dict>
			<key>isa</key>
			<string>PBXFileReference</string>
			<key>lastKnownFileType</key>
			<string>wrapper.framework</string>
			<key>name</key>
			<string>CoreGraphics.framework</string>
			<key>path</key>
			<string>System/Library/Frameworks/CoreGraphics.framework</string>
			<key>sourceTree</key>
			<string>SDKROOT</string>
		</dict>
		<key>21970FD01C4DD4B400048B54</key>
		<dict>
			<key>fileRef</key>
			<string>21970FCF1C4DD4B400048B54</string>
			<key>isa</key>
			<string>PBXBuildFile</string>
		</dict>
		<key>21970FD11C4DD4BF00048B54</key>
		<dict>
			<key>isa</key>
			<string>PBXFileReference</string>
			<key>lastKnownFileType</key>
			<string>wrapper.framework</string>
			<key>name</key>
			<string>CoreLocation.framework</string>
			<key>path</key>
			<string>System/Library/Frameworks/CoreLocation.framework</string>
			<key>sourceTree</key>
			<string>SDKROOT</string>
		</dict>
		<key>21970FD21C4DD4BF00048B54</key>
		<dict>
			<key>fileRef</key>
			<string>21970FD11C4DD4BF00048B54</string>
			<key>isa</key>
			<string>PBXBuildFile</string>
		</dict>
		<key>21970FD31C4DD4C700048B54</key>
		<dict>
			<key>isa</key>
			<string>PBXFileReference</string>
			<key>lastKnownFileType</key>
			<string>wrapper.framework</string>
			<key>name</key>
			<string>QuartzCore.framework</string>
			<key>path</key>
			<string>System/Library/Frameworks/QuartzCore.framework</string>
			<key>sourceTree</key>
			<string>SDKROOT</string>
		</dict>
		<key>21970FD41C4DD4C700048B54</key>
		<dict>
			<key>fileRef</key>
			<string>21970FD31C4DD4C700048B54</string>
			<key>isa</key>
			<string>PBXBuildFile</string>
		</dict>
		<key>21970FD51C4DD4CE00048B54</key>
		<dict>
			<key>isa</key>
			<string>PBXFileReference</string>
			<key>lastKnownFileType</key>
			<string>wrapper.framework</string>
			<key>name</key>
			<string>Security.framework</string>
			<key>path</key>
			<string>System/Library/Frameworks/Security.framework</string>
			<key>sourceTree</key>
			<string>SDKROOT</string>
		</dict>
		<key>21970FD61C4DD4CE00048B54</key>
		<dict>
			<key>fileRef</key>
			<string>21970FD51C4DD4CE00048B54</string>
			<key>isa</key>
			<string>PBXBuildFile</string>
		</dict>
		<key>21970FD91C4DD4E800048B54</key>
		<dict>
			<key>isa</key>
			<string>PBXFileReference</string>
			<key>lastKnownFileType</key>
			<string>wrapper.framework</string>
			<key>name</key>
			<string>SystemConfiguration.framework</string>
			<key>path</key>
			<string>System/Library/Frameworks/SystemConfiguration.framework</string>
			<key>sourceTree</key>
			<string>SDKROOT</string>
		</dict>
		<key>21970FDA1C4DD4E800048B54</key>
		<dict>
			<key>fileRef</key>
			<string>21970FD91C4DD4E800048B54</string>
			<key>isa</key>
			<string>PBXBuildFile</string>
		</dict>
		<key>21970FDB1C4DD4F100048B54</key>
		<dict>
			<key>isa</key>
			<string>PBXFileReference</string>
			<key>lastKnownFileType</key>
			<string>sourcecode.text-based-dylib-definition</string>
			<key>name</key>
			<string>libz.tbd</string>
			<key>path</key>
			<string>usr/lib/libz.tbd</string>
			<key>sourceTree</key>
			<string>SDKROOT</string>
		</dict>
		<key>21970FDC1C4DD4F100048B54</key>
		<dict>
			<key>fileRef</key>
			<string>21970FDB1C4DD4F100048B54</string>
			<key>isa</key>
			<string>PBXBuildFile</string>
		</dict>
		<key>21970FDD1C4DD4FA00048B54</key>
		<dict>
			<key>isa</key>
			<string>PBXFileReference</string>
			<key>lastKnownFileType</key>
			<string>sourcecode.text-based-dylib-definition</string>
			<key>name</key>
			<string>libsqlite3.tbd</string>
			<key>path</key>
			<string>usr/lib/libsqlite3.tbd</string>
			<key>sourceTree</key>
			<string>SDKROOT</string>
		</dict>
		<key>21970FDE1C4DD4FA00048B54</key>
		<dict>
			<key>fileRef</key>
			<string>21970FDD1C4DD4FA00048B54</string>
			<key>isa</key>
			<string>PBXBuildFile</string>
		</dict>
		<key>21970FDF1C4EFF5600048B54</key>
		<dict>
			<key>fileEncoding</key>
			<string>4</string>
			<key>isa</key>
			<string>PBXFileReference</string>
			<key>lastKnownFileType</key>
			<string>sourcecode.swift</string>
			<key>name</key>
			<string>BounceConstants.swift</string>
			<key>path</key>
			<string>Model/BounceConstants.swift</string>
			<key>sourceTree</key>
			<string>&lt;group&gt;</string>
		</dict>
		<key>21970FE01C4EFF5600048B54</key>
		<dict>
			<key>fileRef</key>
			<string>21970FDF1C4EFF5600048B54</string>
			<key>isa</key>
			<string>PBXBuildFile</string>
		</dict>
		<key>21AC739F1C5193D300C81D68</key>
		<dict>
			<key>buildActionMask</key>
			<string>2147483647</string>
			<key>dstPath</key>
			<string></string>
			<key>dstSubfolderSpec</key>
			<string>10</string>
			<key>files</key>
			<array>
				<string>2114B45A1C6170120002C930</string>
				<string>2114B4601C6170120002C930</string>
				<string>2114B4621C6170120002C930</string>
			</array>
			<key>isa</key>
			<string>PBXCopyFilesBuildPhase</string>
			<key>name</key>
			<string>Embed Frameworks</string>
			<key>runOnlyForDeploymentPostprocessing</key>
			<string>0</string>
		</dict>
		<key>21AC73A01C51964800C81D68</key>
		<dict>
			<key>fileEncoding</key>
			<string>4</string>
			<key>isa</key>
			<string>PBXFileReference</string>
			<key>lastKnownFileType</key>
			<string>sourcecode.swift</string>
			<key>name</key>
			<string>DataModel.swift</string>
			<key>path</key>
			<string>Model/DataModel.swift</string>
			<key>sourceTree</key>
			<string>&lt;group&gt;</string>
		</dict>
		<key>21AC73A11C51964800C81D68</key>
		<dict>
			<key>fileRef</key>
			<string>21AC73A01C51964800C81D68</string>
			<key>isa</key>
			<string>PBXBuildFile</string>
		</dict>
		<key>21EC4E431C820090002C3572</key>
		<dict>
			<key>fileEncoding</key>
			<string>4</string>
			<key>isa</key>
			<string>PBXFileReference</string>
			<key>lastKnownFileType</key>
			<string>sourcecode.swift</string>
			<key>name</key>
			<string>Extensions.swift</string>
			<key>path</key>
			<string>Model/Extensions.swift</string>
			<key>sourceTree</key>
			<string>&lt;group&gt;</string>
		</dict>
		<key>21EC4E441C820090002C3572</key>
		<dict>
			<key>fileRef</key>
			<string>21EC4E431C820090002C3572</string>
			<key>isa</key>
			<string>PBXBuildFile</string>
		</dict>
		<key>21FFED191C487CEE006F294F</key>
		<dict>
			<key>children</key>
			<array>
				<string>21FFED241C487CEE006F294F</string>
				<string>21FFED391C487CEE006F294F</string>
				<string>21FFED441C487CEE006F294F</string>
				<string>21FFED231C487CEE006F294F</string>
				<string>21FFED5E1C4888B7006F294F</string>
				<string>5AFE4A6A19E012D00819C9EB</string>
			</array>
			<key>isa</key>
			<string>PBXGroup</string>
			<key>sourceTree</key>
			<string>&lt;group&gt;</string>
		</dict>
		<key>21FFED1A1C487CEE006F294F</key>
		<dict>
			<key>attributes</key>
			<dict>
				<key>LastSwiftUpdateCheck</key>
				<string>0720</string>
				<key>LastUpgradeCheck</key>
				<string>0730</string>
				<key>ORGANIZATIONNAME</key>
				<string>Andrew Roach</string>
				<key>TargetAttributes</key>
				<dict>
					<key>21FFED211C487CEE006F294F</key>
					<dict>
						<key>CreatedOnToolsVersion</key>
						<string>7.2</string>
						<key>DevelopmentTeam</key>
						<string>P44AL382B9</string>
						<key>SystemCapabilities</key>
						<dict>
							<key>com.apple.InAppPurchase</key>
							<dict>
								<key>enabled</key>
								<string>0</string>
							</dict>
							<key>com.apple.Maps.iOS</key>
							<dict>
								<key>enabled</key>
								<string>1</string>
							</dict>
						</dict>
					</dict>
					<key>21FFED351C487CEE006F294F</key>
					<dict>
						<key>CreatedOnToolsVersion</key>
						<string>7.2</string>
						<key>TestTargetID</key>
						<string>21FFED211C487CEE006F294F</string>
					</dict>
					<key>21FFED401C487CEE006F294F</key>
					<dict>
						<key>CreatedOnToolsVersion</key>
						<string>7.2</string>
						<key>TestTargetID</key>
						<string>21FFED211C487CEE006F294F</string>
					</dict>
				</dict>
			</dict>
			<key>buildConfigurationList</key>
			<string>21FFED1D1C487CEE006F294F</string>
			<key>compatibilityVersion</key>
			<string>Xcode 3.2</string>
			<key>developmentRegion</key>
			<string>English</string>
			<key>hasScannedForEncodings</key>
			<string>0</string>
			<key>isa</key>
			<string>PBXProject</string>
			<key>knownRegions</key>
			<array>
				<string>en</string>
				<string>Base</string>
			</array>
			<key>mainGroup</key>
			<string>21FFED191C487CEE006F294F</string>
			<key>productRefGroup</key>
			<string>21FFED231C487CEE006F294F</string>
			<key>projectDirPath</key>
			<string></string>
			<key>projectReferences</key>
			<array/>
			<key>projectRoot</key>
			<string></string>
			<key>targets</key>
			<array>
				<string>21FFED211C487CEE006F294F</string>
				<string>21FFED351C487CEE006F294F</string>
				<string>21FFED401C487CEE006F294F</string>
			</array>
		</dict>
		<key>21FFED1D1C487CEE006F294F</key>
		<dict>
			<key>buildConfigurations</key>
			<array>
				<string>21FFED481C487CEE006F294F</string>
				<string>21FFED491C487CEE006F294F</string>
			</array>
			<key>defaultConfigurationIsVisible</key>
			<string>0</string>
			<key>defaultConfigurationName</key>
			<string>Release</string>
			<key>isa</key>
			<string>XCConfigurationList</string>
		</dict>
		<key>21FFED1E1C487CEE006F294F</key>
		<dict>
			<key>buildActionMask</key>
			<string>2147483647</string>
			<key>files</key>
			<array>
				<string>21FFED621C4AAAC4006F294F</string>
				<string>21970FE01C4EFF5600048B54</string>
				<string>214329A41C7254D200FB9B99</string>
				<string>21FFED541C487F5F006F294F</string>
				<string>210641811C585DDF00DFF326</string>
				<string>21970FC61C4DB03300048B54</string>
				<string>21FFED601C4AA325006F294F</string>
				<string>214329A81C78EC8D00FB9B99</string>
				<string>21092A991C4B39FA0087BDE9</string>
				<string>21EC4E441C820090002C3572</string>
				<string>21432A8F1C7FD09900FB9B99</string>
				<string>21AC73A11C51964800C81D68</string>
				<string>21FFED5B1C488617006F294F</string>
				<string>2106417F1C56E41E00DFF326</string>
				<string>21FFED571C4884EE006F294F</string>
				<string>2114B42E1C5E69590002C930</string>
				<string>2114B42A1C59890F0002C930</string>
				<string>21970FC11C4DA44900048B54</string>
				<string>21FFED641C4AAB78006F294F</string>
				<string>21FFED261C487CEE006F294F</string>
				<string>21970FC41C4DA76E00048B54</string>
				<string>214329A61C73F8C700FB9B99</string>
			</array>
			<key>isa</key>
			<string>PBXSourcesBuildPhase</string>
			<key>runOnlyForDeploymentPostprocessing</key>
			<string>0</string>
		</dict>
		<key>21FFED1F1C487CEE006F294F</key>
		<dict>
			<key>buildActionMask</key>
			<string>2147483647</string>
			<key>files</key>
			<array>
				<string>2145833B1CA4C81500318101</string>
				<string>214329A21C7251BB00FB9B99</string>
				<string>21970FDE1C4DD4FA00048B54</string>
				<string>21970FDC1C4DD4F100048B54</string>
				<string>2114B4541C616ECB0002C930</string>
				<string>2145833C1CA4C81500318101</string>
				<string>21970FDA1C4DD4E800048B54</string>
				<string>2114B4561C616F0C0002C930</string>
				<string>214329A01C7251BB00FB9B99</string>
				<string>2143299F1C7251BB00FB9B99</string>
				<string>21970FD61C4DD4CE00048B54</string>
				<string>214329A11C7251BB00FB9B99</string>
				<string>21970FD41C4DD4C700048B54</string>
				<string>21970FD21C4DD4BF00048B54</string>
				<string>21970FD01C4DD4B400048B54</string>
				<string>2114B45F1C6170120002C930</string>
				<string>21970FCE1C4DD4AF00048B54</string>
				<string>21970FCC1C4DD4A000048B54</string>
				<string>21FFED5D1C488689006F294F</string>
				<string>45B4C715DD145B70D4843327</string>
			</array>
			<key>isa</key>
			<string>PBXFrameworksBuildPhase</string>
			<key>runOnlyForDeploymentPostprocessing</key>
			<string>0</string>
		</dict>
		<key>21FFED201C487CEE006F294F</key>
		<dict>
			<key>buildActionMask</key>
			<string>2147483647</string>
			<key>files</key>
			<array>
				<string>21FFED301C487CEE006F294F</string>
				<string>21FFED2D1C487CEE006F294F</string>
				<string>21FFED2B1C487CEE006F294F</string>
			</array>
			<key>isa</key>
			<string>PBXResourcesBuildPhase</string>
			<key>runOnlyForDeploymentPostprocessing</key>
			<string>0</string>
		</dict>
		<key>21FFED211C487CEE006F294F</key>
		<dict>
			<key>buildConfigurationList</key>
			<string>21FFED4A1C487CEE006F294F</string>
			<key>buildPhases</key>
			<array>
				<string>DE405C593D8A8D021B8D0010</string>
				<string>21FFED1E1C487CEE006F294F</string>
				<string>21FFED1F1C487CEE006F294F</string>
				<string>21FFED201C487CEE006F294F</string>
				<string>21AC739F1C5193D300C81D68</string>
				<string>3EF09AAC0DC132C823899F18</string>
				<string>BA1AA87CD9162F45D7509CDD</string>
			</array>
			<key>buildRules</key>
			<array/>
			<key>dependencies</key>
			<array/>
			<key>isa</key>
			<string>PBXNativeTarget</string>
			<key>name</key>
			<string>Bounce</string>
			<key>productName</key>
			<string>Bounce</string>
			<key>productReference</key>
			<string>21FFED221C487CEE006F294F</string>
			<key>productType</key>
			<string>com.apple.product-type.application</string>
		</dict>
		<key>21FFED221C487CEE006F294F</key>
		<dict>
			<key>explicitFileType</key>
			<string>wrapper.application</string>
			<key>includeInIndex</key>
			<string>0</string>
			<key>isa</key>
			<string>PBXFileReference</string>
			<key>path</key>
			<string>Bounce.app</string>
			<key>sourceTree</key>
			<string>BUILT_PRODUCTS_DIR</string>
		</dict>
		<key>21FFED231C487CEE006F294F</key>
		<dict>
			<key>children</key>
			<array>
				<string>21FFED221C487CEE006F294F</string>
				<string>21FFED361C487CEE006F294F</string>
				<string>21FFED411C487CEE006F294F</string>
			</array>
			<key>isa</key>
			<string>PBXGroup</string>
			<key>name</key>
			<string>Products</string>
			<key>sourceTree</key>
			<string>&lt;group&gt;</string>
		</dict>
		<key>21FFED241C487CEE006F294F</key>
		<dict>
			<key>children</key>
			<array>
				<string>21FFED291C487CEE006F294F</string>
				<string>214329A31C7254D200FB9B99</string>
				<string>21FFED5A1C488617006F294F</string>
				<string>210641801C585DDF00DFF326</string>
				<string>21FFED611C4AAAC4006F294F</string>
				<string>21092A981C4B39FA0087BDE9</string>
				<string>21970FC51C4DB03300048B54</string>
				<string>21FFED551C487F62006F294F</string>
				<string>21FFED2C1C487CEE006F294F</string>
				<string>21FFED2E1C487CEE006F294F</string>
				<string>21FFED311C487CEE006F294F</string>
				<string>21FFED251C487CEE006F294F</string>
			</array>
			<key>isa</key>
			<string>PBXGroup</string>
			<key>path</key>
			<string>Bounce</string>
			<key>sourceTree</key>
			<string>&lt;group&gt;</string>
		</dict>
		<key>21FFED251C487CEE006F294F</key>
		<dict>
			<key>isa</key>
			<string>PBXFileReference</string>
			<key>lastKnownFileType</key>
			<string>sourcecode.swift</string>
			<key>path</key>
			<string>AppDelegate.swift</string>
			<key>sourceTree</key>
			<string>&lt;group&gt;</string>
		</dict>
		<key>21FFED261C487CEE006F294F</key>
		<dict>
			<key>fileRef</key>
			<string>21FFED251C487CEE006F294F</string>
			<key>isa</key>
			<string>PBXBuildFile</string>
		</dict>
		<key>21FFED291C487CEE006F294F</key>
		<dict>
			<key>children</key>
			<array>
				<string>21FFED2A1C487CEE006F294F</string>
			</array>
			<key>isa</key>
			<string>PBXVariantGroup</string>
			<key>name</key>
			<string>Main.storyboard</string>
			<key>sourceTree</key>
			<string>&lt;group&gt;</string>
		</dict>
		<key>21FFED2A1C487CEE006F294F</key>
		<dict>
			<key>isa</key>
			<string>PBXFileReference</string>
			<key>lastKnownFileType</key>
			<string>file.storyboard</string>
			<key>name</key>
			<string>Base</string>
			<key>path</key>
			<string>Base.lproj/Main.storyboard</string>
			<key>sourceTree</key>
			<string>&lt;group&gt;</string>
		</dict>
		<key>21FFED2B1C487CEE006F294F</key>
		<dict>
			<key>fileRef</key>
			<string>21FFED291C487CEE006F294F</string>
			<key>isa</key>
			<string>PBXBuildFile</string>
		</dict>
		<key>21FFED2C1C487CEE006F294F</key>
		<dict>
			<key>isa</key>
			<string>PBXFileReference</string>
			<key>lastKnownFileType</key>
			<string>folder.assetcatalog</string>
			<key>path</key>
			<string>Assets.xcassets</string>
			<key>sourceTree</key>
			<string>&lt;group&gt;</string>
		</dict>
		<key>21FFED2D1C487CEE006F294F</key>
		<dict>
			<key>fileRef</key>
			<string>21FFED2C1C487CEE006F294F</string>
			<key>isa</key>
			<string>PBXBuildFile</string>
		</dict>
		<key>21FFED2E1C487CEE006F294F</key>
		<dict>
			<key>children</key>
			<array>
				<string>21FFED2F1C487CEE006F294F</string>
			</array>
			<key>isa</key>
			<string>PBXVariantGroup</string>
			<key>name</key>
			<string>LaunchScreen.storyboard</string>
			<key>sourceTree</key>
			<string>&lt;group&gt;</string>
		</dict>
		<key>21FFED2F1C487CEE006F294F</key>
		<dict>
			<key>isa</key>
			<string>PBXFileReference</string>
			<key>lastKnownFileType</key>
			<string>file.storyboard</string>
			<key>name</key>
			<string>Base</string>
			<key>path</key>
			<string>Base.lproj/LaunchScreen.storyboard</string>
			<key>sourceTree</key>
			<string>&lt;group&gt;</string>
		</dict>
		<key>21FFED301C487CEE006F294F</key>
		<dict>
			<key>fileRef</key>
			<string>21FFED2E1C487CEE006F294F</string>
			<key>isa</key>
			<string>PBXBuildFile</string>
		</dict>
		<key>21FFED311C487CEE006F294F</key>
		<dict>
			<key>isa</key>
			<string>PBXFileReference</string>
			<key>lastKnownFileType</key>
			<string>text.plist.xml</string>
			<key>path</key>
			<string>Info.plist</string>
			<key>sourceTree</key>
			<string>&lt;group&gt;</string>
		</dict>
		<key>21FFED321C487CEE006F294F</key>
		<dict>
			<key>buildActionMask</key>
			<string>2147483647</string>
			<key>files</key>
			<array>
				<string>21FFED3B1C487CEE006F294F</string>
			</array>
			<key>isa</key>
			<string>PBXSourcesBuildPhase</string>
			<key>runOnlyForDeploymentPostprocessing</key>
			<string>0</string>
		</dict>
		<key>21FFED331C487CEE006F294F</key>
		<dict>
			<key>buildActionMask</key>
			<string>2147483647</string>
			<key>files</key>
			<array/>
			<key>isa</key>
			<string>PBXFrameworksBuildPhase</string>
			<key>runOnlyForDeploymentPostprocessing</key>
			<string>0</string>
		</dict>
		<key>21FFED341C487CEE006F294F</key>
		<dict>
			<key>buildActionMask</key>
			<string>2147483647</string>
			<key>files</key>
			<array/>
			<key>isa</key>
			<string>PBXResourcesBuildPhase</string>
			<key>runOnlyForDeploymentPostprocessing</key>
			<string>0</string>
		</dict>
		<key>21FFED351C487CEE006F294F</key>
		<dict>
			<key>buildConfigurationList</key>
			<string>21FFED4D1C487CEE006F294F</string>
			<key>buildPhases</key>
			<array>
				<string>21FFED321C487CEE006F294F</string>
				<string>21FFED331C487CEE006F294F</string>
				<string>21FFED341C487CEE006F294F</string>
			</array>
			<key>buildRules</key>
			<array/>
			<key>dependencies</key>
			<array>
				<string>21FFED381C487CEE006F294F</string>
			</array>
			<key>isa</key>
			<string>PBXNativeTarget</string>
			<key>name</key>
			<string>BounceTests</string>
			<key>productName</key>
			<string>BounceTests</string>
			<key>productReference</key>
			<string>21FFED361C487CEE006F294F</string>
			<key>productType</key>
			<string>com.apple.product-type.bundle.unit-test</string>
		</dict>
		<key>21FFED361C487CEE006F294F</key>
		<dict>
			<key>explicitFileType</key>
			<string>wrapper.cfbundle</string>
			<key>includeInIndex</key>
			<string>0</string>
			<key>isa</key>
			<string>PBXFileReference</string>
			<key>path</key>
			<string>BounceTests.xctest</string>
			<key>sourceTree</key>
			<string>BUILT_PRODUCTS_DIR</string>
		</dict>
		<key>21FFED371C487CEE006F294F</key>
		<dict>
			<key>containerPortal</key>
			<string>21FFED1A1C487CEE006F294F</string>
			<key>isa</key>
			<string>PBXContainerItemProxy</string>
			<key>proxyType</key>
			<string>1</string>
			<key>remoteGlobalIDString</key>
			<string>21FFED211C487CEE006F294F</string>
			<key>remoteInfo</key>
			<string>Bounce</string>
		</dict>
		<key>21FFED381C487CEE006F294F</key>
		<dict>
			<key>isa</key>
			<string>PBXTargetDependency</string>
			<key>target</key>
			<string>21FFED211C487CEE006F294F</string>
			<key>targetProxy</key>
			<string>21FFED371C487CEE006F294F</string>
		</dict>
		<key>21FFED391C487CEE006F294F</key>
		<dict>
			<key>children</key>
			<array>
				<string>21FFED3A1C487CEE006F294F</string>
				<string>21FFED3C1C487CEE006F294F</string>
			</array>
			<key>isa</key>
			<string>PBXGroup</string>
			<key>path</key>
			<string>BounceTests</string>
			<key>sourceTree</key>
			<string>&lt;group&gt;</string>
		</dict>
		<key>21FFED3A1C487CEE006F294F</key>
		<dict>
			<key>isa</key>
			<string>PBXFileReference</string>
			<key>lastKnownFileType</key>
			<string>sourcecode.swift</string>
			<key>path</key>
			<string>BounceTests.swift</string>
			<key>sourceTree</key>
			<string>&lt;group&gt;</string>
		</dict>
		<key>21FFED3B1C487CEE006F294F</key>
		<dict>
			<key>fileRef</key>
			<string>21FFED3A1C487CEE006F294F</string>
			<key>isa</key>
			<string>PBXBuildFile</string>
		</dict>
		<key>21FFED3C1C487CEE006F294F</key>
		<dict>
			<key>isa</key>
			<string>PBXFileReference</string>
			<key>lastKnownFileType</key>
			<string>text.plist.xml</string>
			<key>path</key>
			<string>Info.plist</string>
			<key>sourceTree</key>
			<string>&lt;group&gt;</string>
		</dict>
		<key>21FFED3D1C487CEE006F294F</key>
		<dict>
			<key>buildActionMask</key>
			<string>2147483647</string>
			<key>files</key>
			<array>
				<string>21FFED461C487CEE006F294F</string>
			</array>
			<key>isa</key>
			<string>PBXSourcesBuildPhase</string>
			<key>runOnlyForDeploymentPostprocessing</key>
			<string>0</string>
		</dict>
		<key>21FFED3E1C487CEE006F294F</key>
		<dict>
			<key>buildActionMask</key>
			<string>2147483647</string>
			<key>files</key>
			<array/>
			<key>isa</key>
			<string>PBXFrameworksBuildPhase</string>
			<key>runOnlyForDeploymentPostprocessing</key>
			<string>0</string>
		</dict>
		<key>21FFED3F1C487CEE006F294F</key>
		<dict>
			<key>buildActionMask</key>
			<string>2147483647</string>
			<key>files</key>
			<array/>
			<key>isa</key>
			<string>PBXResourcesBuildPhase</string>
			<key>runOnlyForDeploymentPostprocessing</key>
			<string>0</string>
		</dict>
		<key>21FFED401C487CEE006F294F</key>
		<dict>
			<key>buildConfigurationList</key>
			<string>21FFED501C487CEE006F294F</string>
			<key>buildPhases</key>
			<array>
				<string>21FFED3D1C487CEE006F294F</string>
				<string>21FFED3E1C487CEE006F294F</string>
				<string>21FFED3F1C487CEE006F294F</string>
			</array>
			<key>buildRules</key>
			<array/>
			<key>dependencies</key>
			<array>
				<string>21FFED431C487CEE006F294F</string>
			</array>
			<key>isa</key>
			<string>PBXNativeTarget</string>
			<key>name</key>
			<string>BounceUITests</string>
			<key>productName</key>
			<string>BounceUITests</string>
			<key>productReference</key>
			<string>21FFED411C487CEE006F294F</string>
			<key>productType</key>
			<string>com.apple.product-type.bundle.ui-testing</string>
		</dict>
		<key>21FFED411C487CEE006F294F</key>
		<dict>
			<key>explicitFileType</key>
			<string>wrapper.cfbundle</string>
			<key>includeInIndex</key>
			<string>0</string>
			<key>isa</key>
			<string>PBXFileReference</string>
			<key>path</key>
			<string>BounceUITests.xctest</string>
			<key>sourceTree</key>
			<string>BUILT_PRODUCTS_DIR</string>
		</dict>
		<key>21FFED421C487CEE006F294F</key>
		<dict>
			<key>containerPortal</key>
			<string>21FFED1A1C487CEE006F294F</string>
			<key>isa</key>
			<string>PBXContainerItemProxy</string>
			<key>proxyType</key>
			<string>1</string>
			<key>remoteGlobalIDString</key>
			<string>21FFED211C487CEE006F294F</string>
			<key>remoteInfo</key>
			<string>Bounce</string>
		</dict>
		<key>21FFED431C487CEE006F294F</key>
		<dict>
			<key>isa</key>
			<string>PBXTargetDependency</string>
			<key>target</key>
			<string>21FFED211C487CEE006F294F</string>
			<key>targetProxy</key>
			<string>21FFED421C487CEE006F294F</string>
		</dict>
		<key>21FFED441C487CEE006F294F</key>
		<dict>
			<key>children</key>
			<array>
				<string>21FFED451C487CEE006F294F</string>
				<string>21FFED471C487CEE006F294F</string>
			</array>
			<key>isa</key>
			<string>PBXGroup</string>
			<key>path</key>
			<string>BounceUITests</string>
			<key>sourceTree</key>
			<string>&lt;group&gt;</string>
		</dict>
		<key>21FFED451C487CEE006F294F</key>
		<dict>
			<key>isa</key>
			<string>PBXFileReference</string>
			<key>lastKnownFileType</key>
			<string>sourcecode.swift</string>
			<key>path</key>
			<string>BounceUITests.swift</string>
			<key>sourceTree</key>
			<string>&lt;group&gt;</string>
		</dict>
		<key>21FFED461C487CEE006F294F</key>
		<dict>
			<key>fileRef</key>
			<string>21FFED451C487CEE006F294F</string>
			<key>isa</key>
			<string>PBXBuildFile</string>
		</dict>
		<key>21FFED471C487CEE006F294F</key>
		<dict>
			<key>isa</key>
			<string>PBXFileReference</string>
			<key>lastKnownFileType</key>
			<string>text.plist.xml</string>
			<key>path</key>
			<string>Info.plist</string>
			<key>sourceTree</key>
			<string>&lt;group&gt;</string>
		</dict>
		<key>21FFED481C487CEE006F294F</key>
		<dict>
			<key>buildSettings</key>
			<dict>
				<key>ALWAYS_SEARCH_USER_PATHS</key>
				<string>NO</string>
				<key>CLANG_CXX_LANGUAGE_STANDARD</key>
				<string>gnu++0x</string>
				<key>CLANG_CXX_LIBRARY</key>
				<string>libc++</string>
				<key>CLANG_ENABLE_MODULES</key>
				<string>YES</string>
				<key>CLANG_ENABLE_OBJC_ARC</key>
				<string>YES</string>
				<key>CLANG_WARN_BOOL_CONVERSION</key>
				<string>YES</string>
				<key>CLANG_WARN_CONSTANT_CONVERSION</key>
				<string>YES</string>
				<key>CLANG_WARN_DIRECT_OBJC_ISA_USAGE</key>
				<string>YES_ERROR</string>
				<key>CLANG_WARN_EMPTY_BODY</key>
				<string>YES</string>
				<key>CLANG_WARN_ENUM_CONVERSION</key>
				<string>YES</string>
				<key>CLANG_WARN_INT_CONVERSION</key>
				<string>YES</string>
				<key>CLANG_WARN_OBJC_ROOT_CLASS</key>
				<string>YES_ERROR</string>
				<key>CLANG_WARN_UNREACHABLE_CODE</key>
				<string>YES</string>
				<key>CLANG_WARN__DUPLICATE_METHOD_MATCH</key>
				<string>YES</string>
				<key>CODE_SIGN_IDENTITY[sdk=iphoneos*]</key>
				<string>iPhone Developer</string>
				<key>COPY_PHASE_STRIP</key>
				<string>NO</string>
				<key>DEBUG_INFORMATION_FORMAT</key>
				<string>dwarf</string>
				<key>ENABLE_STRICT_OBJC_MSGSEND</key>
				<string>YES</string>
				<key>ENABLE_TESTABILITY</key>
				<string>YES</string>
				<key>GCC_C_LANGUAGE_STANDARD</key>
				<string>gnu99</string>
				<key>GCC_DYNAMIC_NO_PIC</key>
				<string>NO</string>
				<key>GCC_NO_COMMON_BLOCKS</key>
				<string>YES</string>
				<key>GCC_OPTIMIZATION_LEVEL</key>
				<string>0</string>
				<key>GCC_PREPROCESSOR_DEFINITIONS</key>
				<array>
					<string>DEBUG=1</string>
					<string>$(inherited)</string>
				</array>
				<key>GCC_WARN_64_TO_32_BIT_CONVERSION</key>
				<string>YES</string>
				<key>GCC_WARN_ABOUT_RETURN_TYPE</key>
				<string>YES_ERROR</string>
				<key>GCC_WARN_UNDECLARED_SELECTOR</key>
				<string>YES</string>
				<key>GCC_WARN_UNINITIALIZED_AUTOS</key>
				<string>YES_AGGRESSIVE</string>
				<key>GCC_WARN_UNUSED_FUNCTION</key>
				<string>YES</string>
				<key>GCC_WARN_UNUSED_VARIABLE</key>
				<string>YES</string>
				<key>IPHONEOS_DEPLOYMENT_TARGET</key>
				<string>9.2</string>
				<key>MTL_ENABLE_DEBUG_INFO</key>
				<string>YES</string>
				<key>ONLY_ACTIVE_ARCH</key>
				<string>YES</string>
				<key>SDKROOT</key>
				<string>iphoneos</string>
				<key>SWIFT_OPTIMIZATION_LEVEL</key>
				<string>-Onone</string>
			</dict>
			<key>isa</key>
			<string>XCBuildConfiguration</string>
			<key>name</key>
			<string>Debug</string>
		</dict>
		<key>21FFED491C487CEE006F294F</key>
		<dict>
			<key>buildSettings</key>
			<dict>
				<key>ALWAYS_SEARCH_USER_PATHS</key>
				<string>NO</string>
				<key>CLANG_CXX_LANGUAGE_STANDARD</key>
				<string>gnu++0x</string>
				<key>CLANG_CXX_LIBRARY</key>
				<string>libc++</string>
				<key>CLANG_ENABLE_MODULES</key>
				<string>YES</string>
				<key>CLANG_ENABLE_OBJC_ARC</key>
				<string>YES</string>
				<key>CLANG_WARN_BOOL_CONVERSION</key>
				<string>YES</string>
				<key>CLANG_WARN_CONSTANT_CONVERSION</key>
				<string>YES</string>
				<key>CLANG_WARN_DIRECT_OBJC_ISA_USAGE</key>
				<string>YES_ERROR</string>
				<key>CLANG_WARN_EMPTY_BODY</key>
				<string>YES</string>
				<key>CLANG_WARN_ENUM_CONVERSION</key>
				<string>YES</string>
				<key>CLANG_WARN_INT_CONVERSION</key>
				<string>YES</string>
				<key>CLANG_WARN_OBJC_ROOT_CLASS</key>
				<string>YES_ERROR</string>
				<key>CLANG_WARN_UNREACHABLE_CODE</key>
				<string>YES</string>
				<key>CLANG_WARN__DUPLICATE_METHOD_MATCH</key>
				<string>YES</string>
				<key>CODE_SIGN_IDENTITY[sdk=iphoneos*]</key>
				<string>iPhone Developer</string>
				<key>COPY_PHASE_STRIP</key>
				<string>NO</string>
				<key>DEBUG_INFORMATION_FORMAT</key>
				<string>dwarf-with-dsym</string>
				<key>ENABLE_NS_ASSERTIONS</key>
				<string>NO</string>
				<key>ENABLE_STRICT_OBJC_MSGSEND</key>
				<string>YES</string>
				<key>GCC_C_LANGUAGE_STANDARD</key>
				<string>gnu99</string>
				<key>GCC_NO_COMMON_BLOCKS</key>
				<string>YES</string>
				<key>GCC_WARN_64_TO_32_BIT_CONVERSION</key>
				<string>YES</string>
				<key>GCC_WARN_ABOUT_RETURN_TYPE</key>
				<string>YES_ERROR</string>
				<key>GCC_WARN_UNDECLARED_SELECTOR</key>
				<string>YES</string>
				<key>GCC_WARN_UNINITIALIZED_AUTOS</key>
				<string>YES_AGGRESSIVE</string>
				<key>GCC_WARN_UNUSED_FUNCTION</key>
				<string>YES</string>
				<key>GCC_WARN_UNUSED_VARIABLE</key>
				<string>YES</string>
				<key>IPHONEOS_DEPLOYMENT_TARGET</key>
				<string>9.2</string>
				<key>MTL_ENABLE_DEBUG_INFO</key>
				<string>NO</string>
				<key>SDKROOT</key>
				<string>iphoneos</string>
				<key>VALIDATE_PRODUCT</key>
				<string>YES</string>
			</dict>
			<key>isa</key>
			<string>XCBuildConfiguration</string>
			<key>name</key>
			<string>Release</string>
		</dict>
		<key>21FFED4A1C487CEE006F294F</key>
		<dict>
			<key>buildConfigurations</key>
			<array>
				<string>21FFED4B1C487CEE006F294F</string>
				<string>21FFED4C1C487CEE006F294F</string>
			</array>
			<key>defaultConfigurationIsVisible</key>
			<string>0</string>
			<key>defaultConfigurationName</key>
			<string>Release</string>
			<key>isa</key>
			<string>XCConfigurationList</string>
		</dict>
		<key>21FFED4B1C487CEE006F294F</key>
		<dict>
			<key>baseConfigurationReference</key>
			<string>0EC36282F191544BA7F4A271</string>
			<key>buildSettings</key>
			<dict>
				<key>ASSETCATALOG_COMPILER_APPICON_NAME</key>
				<string>AppIcon</string>
				<key>DEFINES_MODULE</key>
				<string>NO</string>
				<key>FRAMEWORK_SEARCH_PATHS</key>
				<array>
					<string>$(inherited)</string>
					<string>$(PROJECT_DIR)</string>
					<string>$(PROJECT_DIR)/Bounce</string>
				</array>
				<key>INFOPLIST_FILE</key>
				<string>Bounce/Info.plist</string>
				<key>IPHONEOS_DEPLOYMENT_TARGET</key>
				<string>9.3</string>
				<key>LD_RUNPATH_SEARCH_PATHS</key>
				<string>$(inherited) @executable_path/Frameworks</string>
				<key>PRODUCT_BUNDLE_IDENTIFIER</key>
				<string>awesomeApps.Bounce</string>
				<key>PRODUCT_NAME</key>
				<string>$(TARGET_NAME)</string>
			</dict>
			<key>isa</key>
			<string>XCBuildConfiguration</string>
			<key>name</key>
			<string>Debug</string>
		</dict>
		<key>21FFED4C1C487CEE006F294F</key>
		<dict>
			<key>baseConfigurationReference</key>
			<string>987CB5985C4580F3B8979254</string>
			<key>buildSettings</key>
			<dict>
				<key>ASSETCATALOG_COMPILER_APPICON_NAME</key>
				<string>AppIcon</string>
				<key>DEFINES_MODULE</key>
				<string>NO</string>
				<key>FRAMEWORK_SEARCH_PATHS</key>
				<array>
					<string>$(inherited)</string>
					<string>$(PROJECT_DIR)</string>
					<string>$(PROJECT_DIR)/Bounce</string>
				</array>
				<key>INFOPLIST_FILE</key>
				<string>Bounce/Info.plist</string>
				<key>IPHONEOS_DEPLOYMENT_TARGET</key>
				<string>9.3</string>
				<key>LD_RUNPATH_SEARCH_PATHS</key>
				<string>$(inherited) @executable_path/Frameworks</string>
				<key>PRODUCT_BUNDLE_IDENTIFIER</key>
				<string>awesomeApps.Bounce</string>
				<key>PRODUCT_NAME</key>
				<string>$(TARGET_NAME)</string>
			</dict>
			<key>isa</key>
			<string>XCBuildConfiguration</string>
			<key>name</key>
			<string>Release</string>
		</dict>
		<key>21FFED4D1C487CEE006F294F</key>
		<dict>
			<key>buildConfigurations</key>
			<array>
				<string>21FFED4E1C487CEE006F294F</string>
				<string>21FFED4F1C487CEE006F294F</string>
			</array>
			<key>defaultConfigurationIsVisible</key>
			<string>0</string>
			<key>defaultConfigurationName</key>
			<string>Release</string>
			<key>isa</key>
			<string>XCConfigurationList</string>
		</dict>
		<key>21FFED4E1C487CEE006F294F</key>
		<dict>
			<key>buildSettings</key>
			<dict>
				<key>BUNDLE_LOADER</key>
				<string>$(TEST_HOST)</string>
				<key>INFOPLIST_FILE</key>
				<string>BounceTests/Info.plist</string>
				<key>LD_RUNPATH_SEARCH_PATHS</key>
				<string>$(inherited) @executable_path/Frameworks @loader_path/Frameworks</string>
				<key>PRODUCT_BUNDLE_IDENTIFIER</key>
				<string>awesomeApps.BounceTests</string>
				<key>PRODUCT_NAME</key>
				<string>$(TARGET_NAME)</string>
				<key>TEST_HOST</key>
				<string>$(BUILT_PRODUCTS_DIR)/Bounce.app/Bounce</string>
			</dict>
			<key>isa</key>
			<string>XCBuildConfiguration</string>
			<key>name</key>
			<string>Debug</string>
		</dict>
		<key>21FFED4F1C487CEE006F294F</key>
		<dict>
			<key>buildSettings</key>
			<dict>
				<key>BUNDLE_LOADER</key>
				<string>$(TEST_HOST)</string>
				<key>INFOPLIST_FILE</key>
				<string>BounceTests/Info.plist</string>
				<key>LD_RUNPATH_SEARCH_PATHS</key>
				<string>$(inherited) @executable_path/Frameworks @loader_path/Frameworks</string>
				<key>PRODUCT_BUNDLE_IDENTIFIER</key>
				<string>awesomeApps.BounceTests</string>
				<key>PRODUCT_NAME</key>
				<string>$(TARGET_NAME)</string>
				<key>TEST_HOST</key>
				<string>$(BUILT_PRODUCTS_DIR)/Bounce.app/Bounce</string>
			</dict>
			<key>isa</key>
			<string>XCBuildConfiguration</string>
			<key>name</key>
			<string>Release</string>
		</dict>
		<key>21FFED501C487CEE006F294F</key>
		<dict>
			<key>buildConfigurations</key>
			<array>
				<string>21FFED511C487CEE006F294F</string>
				<string>21FFED521C487CEE006F294F</string>
			</array>
			<key>defaultConfigurationIsVisible</key>
			<string>0</string>
			<key>defaultConfigurationName</key>
			<string>Release</string>
			<key>isa</key>
			<string>XCConfigurationList</string>
		</dict>
		<key>21FFED511C487CEE006F294F</key>
		<dict>
			<key>buildSettings</key>
			<dict>
				<key>CODE_SIGN_IDENTITY</key>
				<string>iPhone Developer</string>
				<key>INFOPLIST_FILE</key>
				<string>BounceUITests/Info.plist</string>
				<key>LD_RUNPATH_SEARCH_PATHS</key>
				<string>$(inherited) @executable_path/Frameworks @loader_path/Frameworks</string>
				<key>PRODUCT_BUNDLE_IDENTIFIER</key>
				<string>awesomeApps.BounceUITests</string>
				<key>PRODUCT_NAME</key>
				<string>$(TARGET_NAME)</string>
				<key>TEST_TARGET_NAME</key>
				<string>Bounce</string>
				<key>USES_XCTRUNNER</key>
				<string>YES</string>
			</dict>
			<key>isa</key>
			<string>XCBuildConfiguration</string>
			<key>name</key>
			<string>Debug</string>
		</dict>
		<key>21FFED521C487CEE006F294F</key>
		<dict>
			<key>buildSettings</key>
			<dict>
				<key>CODE_SIGN_ENTITLEMENTS[sdk=*]</key>
				<string></string>
				<key>INFOPLIST_FILE</key>
				<string>BounceUITests/Info.plist</string>
				<key>LD_RUNPATH_SEARCH_PATHS</key>
				<string>$(inherited) @executable_path/Frameworks @loader_path/Frameworks</string>
				<key>PRODUCT_BUNDLE_IDENTIFIER</key>
				<string>awesomeApps.BounceUITests</string>
				<key>PRODUCT_NAME</key>
				<string>$(TARGET_NAME)</string>
				<key>TEST_TARGET_NAME</key>
				<string>Bounce</string>
				<key>USES_XCTRUNNER</key>
				<string>YES</string>
			</dict>
			<key>isa</key>
			<string>XCBuildConfiguration</string>
			<key>name</key>
			<string>Release</string>
		</dict>
		<key>21FFED531C487F5F006F294F</key>
		<dict>
			<key>fileEncoding</key>
			<string>4</string>
			<key>isa</key>
			<string>PBXFileReference</string>
			<key>lastKnownFileType</key>
			<string>sourcecode.swift</string>
			<key>name</key>
			<string>ParseFetcher.swift</string>
			<key>path</key>
			<string>Model/ParseFetcher.swift</string>
			<key>sourceTree</key>
			<string>&lt;group&gt;</string>
		</dict>
		<key>21FFED541C487F5F006F294F</key>
		<dict>
			<key>fileRef</key>
			<string>21FFED531C487F5F006F294F</string>
			<key>isa</key>
			<string>PBXBuildFile</string>
		</dict>
		<key>21FFED551C487F62006F294F</key>
		<dict>
			<key>children</key>
			<array>
				<string>21970FDF1C4EFF5600048B54</string>
				<string>21FFED631C4AAB78006F294F</string>
				<string>214329A51C73F8C700FB9B99</string>
				<string>21432A8E1C7FD09900FB9B99</string>
				<string>214329A71C78EC8D00FB9B99</string>
				<string>21970FC31C4DA76E00048B54</string>
				<string>21AC73A01C51964800C81D68</string>
				<string>21FFED531C487F5F006F294F</string>
				<string>21FFED561C4884EE006F294F</string>
				<string>2106417E1C56E41E00DFF326</string>
				<string>2114B4291C59890F0002C930</string>
				<string>2114B42D1C5E69590002C930</string>
				<string>21EC4E431C820090002C3572</string>
				<string>211BC37B1C665DCD005A17AB</string>
				<string>21970FC21C4DA44D00048B54</string>
			</array>
			<key>isa</key>
			<string>PBXGroup</string>
			<key>name</key>
			<string>Model</string>
			<key>sourceTree</key>
			<string>&lt;group&gt;</string>
		</dict>
		<key>21FFED561C4884EE006F294F</key>
		<dict>
			<key>fileEncoding</key>
			<string>4</string>
			<key>isa</key>
			<string>PBXFileReference</string>
			<key>lastKnownFileType</key>
			<string>sourcecode.swift</string>
			<key>name</key>
			<string>LocationFetcher.swift</string>
			<key>path</key>
			<string>Model/LocationFetcher.swift</string>
			<key>sourceTree</key>
			<string>&lt;group&gt;</string>
		</dict>
		<key>21FFED571C4884EE006F294F</key>
		<dict>
			<key>fileRef</key>
			<string>21FFED561C4884EE006F294F</string>
			<key>isa</key>
			<string>PBXBuildFile</string>
		</dict>
		<key>21FFED5A1C488617006F294F</key>
		<dict>
			<key>fileEncoding</key>
			<string>4</string>
			<key>isa</key>
			<string>PBXFileReference</string>
			<key>lastKnownFileType</key>
			<string>sourcecode.swift</string>
			<key>name</key>
			<string>MapVC.swift</string>
			<key>path</key>
			<string>View Controllers/MapVC.swift</string>
			<key>sourceTree</key>
			<string>&lt;group&gt;</string>
		</dict>
		<key>21FFED5B1C488617006F294F</key>
		<dict>
			<key>fileRef</key>
			<string>21FFED5A1C488617006F294F</string>
			<key>isa</key>
			<string>PBXBuildFile</string>
		</dict>
		<key>21FFED5C1C488689006F294F</key>
		<dict>
			<key>isa</key>
			<string>PBXFileReference</string>
			<key>lastKnownFileType</key>
			<string>wrapper.framework</string>
			<key>name</key>
			<string>MapKit.framework</string>
			<key>path</key>
			<string>System/Library/Frameworks/MapKit.framework</string>
			<key>sourceTree</key>
			<string>SDKROOT</string>
		</dict>
		<key>21FFED5D1C488689006F294F</key>
		<dict>
			<key>fileRef</key>
			<string>21FFED5C1C488689006F294F</string>
			<key>isa</key>
			<string>PBXBuildFile</string>
		</dict>
		<key>21FFED5E1C4888B7006F294F</key>
		<dict>
			<key>children</key>
			<array>
				<string>214583391CA4C81500318101</string>
				<string>2145833A1CA4C81500318101</string>
				<string>2143299B1C7251BB00FB9B99</string>
				<string>2143299C1C7251BB00FB9B99</string>
				<string>2143299D1C7251BB00FB9B99</string>
				<string>2143299E1C7251BB00FB9B99</string>
				<string>21970FDD1C4DD4FA00048B54</string>
				<string>21970FDB1C4DD4F100048B54</string>
				<string>2114B4551C616F0C0002C930</string>
				<string>2114B44F1C616ECB0002C930</string>
				<string>2114B4501C616ECB0002C930</string>
				<string>21970FD91C4DD4E800048B54</string>
				<string>21970FD51C4DD4CE00048B54</string>
				<string>21970FD31C4DD4C700048B54</string>
				<string>21970FD11C4DD4BF00048B54</string>
				<string>21970FCF1C4DD4B400048B54</string>
				<string>21970FCD1C4DD4AF00048B54</string>
				<string>21970FCB1C4DD4A000048B54</string>
				<string>21FFED5C1C488689006F294F</string>
				<string>F3AC8C3146BBD7C352ECFF28</string>
			</array>
			<key>isa</key>
			<string>PBXGroup</string>
			<key>name</key>
			<string>Frameworks</string>
			<key>sourceTree</key>
			<string>&lt;group&gt;</string>
		</dict>
		<key>21FFED5F1C4AA325006F294F</key>
		<dict>
			<key>fileEncoding</key>
			<string>4</string>
			<key>isa</key>
			<string>PBXFileReference</string>
			<key>lastKnownFileType</key>
			<string>sourcecode.swift</string>
			<key>path</key>
			<string>Proposer.swift</string>
			<key>sourceTree</key>
			<string>&lt;group&gt;</string>
		</dict>
		<key>21FFED601C4AA325006F294F</key>
		<dict>
			<key>fileRef</key>
			<string>21FFED5F1C4AA325006F294F</string>
			<key>isa</key>
			<string>PBXBuildFile</string>
		</dict>
		<key>21FFED611C4AAAC4006F294F</key>
		<dict>
			<key>fileEncoding</key>
			<string>4</string>
			<key>isa</key>
			<string>PBXFileReference</string>
			<key>lastKnownFileType</key>
			<string>sourcecode.swift</string>
			<key>name</key>
			<string>PostVC.swift</string>
			<key>path</key>
			<string>View Controllers/PostVC.swift</string>
			<key>sourceTree</key>
			<string>&lt;group&gt;</string>
		</dict>
		<key>21FFED621C4AAAC4006F294F</key>
		<dict>
			<key>fileRef</key>
			<string>21FFED611C4AAAC4006F294F</string>
			<key>isa</key>
			<string>PBXBuildFile</string>
		</dict>
		<key>21FFED631C4AAB78006F294F</key>
		<dict>
			<key>fileEncoding</key>
			<string>4</string>
			<key>isa</key>
			<string>PBXFileReference</string>
			<key>lastKnownFileType</key>
			<string>sourcecode.swift</string>
			<key>name</key>
			<string>Post.swift</string>
			<key>path</key>
			<string>Model/Post.swift</string>
			<key>sourceTree</key>
			<string>&lt;group&gt;</string>
		</dict>
		<key>21FFED641C4AAB78006F294F</key>
		<dict>
			<key>fileRef</key>
			<string>21FFED631C4AAB78006F294F</string>
			<key>isa</key>
			<string>PBXBuildFile</string>
		</dict>
		<key>3EF09AAC0DC132C823899F18</key>
		<dict>
			<key>buildActionMask</key>
			<string>2147483647</string>
			<key>files</key>
			<array/>
			<key>inputPaths</key>
			<array/>
			<key>isa</key>
			<string>PBXShellScriptBuildPhase</string>
			<key>name</key>
			<string>Embed Pods Frameworks</string>
			<key>outputPaths</key>
			<array/>
			<key>runOnlyForDeploymentPostprocessing</key>
			<string>0</string>
			<key>shellPath</key>
			<string>/bin/sh</string>
			<key>shellScript</key>
			<string>"${SRCROOT}/Pods/Target Support Files/Pods-Bounce/Pods-Bounce-frameworks.sh"
</string>
			<key>showEnvVarsInLog</key>
			<string>0</string>
		</dict>
		<key>45B4C715DD145B70D4843327</key>
		<dict>
			<key>fileRef</key>
			<string>F3AC8C3146BBD7C352ECFF28</string>
			<key>isa</key>
			<string>PBXBuildFile</string>
		</dict>
		<key>5AFE4A6A19E012D00819C9EB</key>
		<dict>
			<key>children</key>
			<array>
				<string>0EC36282F191544BA7F4A271</string>
				<string>987CB5985C4580F3B8979254</string>
			</array>
			<key>isa</key>
			<string>PBXGroup</string>
			<key>name</key>
			<string>Pods</string>
			<key>sourceTree</key>
			<string>&lt;group&gt;</string>
		</dict>
		<key>987CB5985C4580F3B8979254</key>
		<dict>
			<key>includeInIndex</key>
			<string>1</string>
			<key>isa</key>
			<string>PBXFileReference</string>
			<key>lastKnownFileType</key>
			<string>text.xcconfig</string>
			<key>name</key>
			<string>Pods-Bounce.release.xcconfig</string>
			<key>path</key>
			<string>Pods/Target Support Files/Pods-Bounce/Pods-Bounce.release.xcconfig</string>
			<key>sourceTree</key>
			<string>&lt;group&gt;</string>
		</dict>
		<key>BA1AA87CD9162F45D7509CDD</key>
		<dict>
			<key>buildActionMask</key>
			<string>2147483647</string>
			<key>files</key>
			<array/>
			<key>inputPaths</key>
			<array/>
			<key>isa</key>
			<string>PBXShellScriptBuildPhase</string>
			<key>name</key>
			<string>Copy Pods Resources</string>
			<key>outputPaths</key>
			<array/>
			<key>runOnlyForDeploymentPostprocessing</key>
			<string>0</string>
			<key>shellPath</key>
			<string>/bin/sh</string>
			<key>shellScript</key>
			<string>"${SRCROOT}/Pods/Target Support Files/Pods-Bounce/Pods-Bounce-resources.sh"
</string>
			<key>showEnvVarsInLog</key>
			<string>0</string>
		</dict>
		<key>DE405C593D8A8D021B8D0010</key>
		<dict>
			<key>buildActionMask</key>
			<string>2147483647</string>
			<key>files</key>
			<array/>
			<key>inputPaths</key>
			<array/>
			<key>isa</key>
			<string>PBXShellScriptBuildPhase</string>
			<key>name</key>
			<string>Check Pods Manifest.lock</string>
			<key>outputPaths</key>
			<array/>
			<key>runOnlyForDeploymentPostprocessing</key>
			<string>0</string>
			<key>shellPath</key>
			<string>/bin/sh</string>
			<key>shellScript</key>
			<string>diff "${PODS_ROOT}/../Podfile.lock" "${PODS_ROOT}/Manifest.lock" &gt; /dev/null
if [[ $? != 0 ]] ; then
    cat &lt;&lt; EOM
error: The sandbox is not in sync with the Podfile.lock. Run 'pod install' or update your CocoaPods installation.
EOM
    exit 1
fi
</string>
			<key>showEnvVarsInLog</key>
			<string>0</string>
		</dict>
		<key>F3AC8C3146BBD7C352ECFF28</key>
		<dict>
			<key>explicitFileType</key>
			<string>wrapper.framework</string>
			<key>includeInIndex</key>
			<string>0</string>
			<key>isa</key>
			<string>PBXFileReference</string>
			<key>path</key>
			<string>Pods_Bounce.framework</string>
			<key>sourceTree</key>
			<string>BUILT_PRODUCTS_DIR</string>
		</dict>
	</dict>
	<key>rootObject</key>
	<string>21FFED1A1C487CEE006F294F</string>
</dict>
</plist>
